// !$*UTF8*$!
{
	archiveVersion = 1;
	classes = {
	};
	objectVersion = 56;
	objects = {

/* Begin PBXBuildFile section */
		FB9A7714298F8137008EE4CE /* AppDelegate.swift in Sources */ = {isa = PBXBuildFile; fileRef = FB9A7713298F8137008EE4CE /* AppDelegate.swift */; };
		FB9A7716298F8137008EE4CE /* SceneDelegate.swift in Sources */ = {isa = PBXBuildFile; fileRef = FB9A7715298F8137008EE4CE /* SceneDelegate.swift */; };
		FB9A7718298F8137008EE4CE /* ViewController.swift in Sources */ = {isa = PBXBuildFile; fileRef = FB9A7717298F8137008EE4CE /* ViewController.swift */; };
		FB9A771B298F8137008EE4CE /* Main.storyboard in Resources */ = {isa = PBXBuildFile; fileRef = FB9A7719298F8137008EE4CE /* Main.storyboard */; };
		FB9A771D298F8137008EE4CE /* Assets.xcassets in Resources */ = {isa = PBXBuildFile; fileRef = FB9A771C298F8137008EE4CE /* Assets.xcassets */; };
		FB9A7720298F8137008EE4CE /* LaunchScreen.storyboard in Resources */ = {isa = PBXBuildFile; fileRef = FB9A771E298F8137008EE4CE /* LaunchScreen.storyboard */; };
		FB9A772B298F8138008EE4CE /* VSAppTests.swift in Sources */ = {isa = PBXBuildFile; fileRef = FB9A772A298F8138008EE4CE /* VSAppTests.swift */; };
		FB9A7735298F8138008EE4CE /* VSAppUITests.swift in Sources */ = {isa = PBXBuildFile; fileRef = FB9A7734298F8138008EE4CE /* VSAppUITests.swift */; };
		FB9A7737298F8138008EE4CE /* VSAppUITestsLaunchTests.swift in Sources */ = {isa = PBXBuildFile; fileRef = FB9A7736298F8138008EE4CE /* VSAppUITestsLaunchTests.swift */; };
/* End PBXBuildFile section */

/* Begin PBXContainerItemProxy section */
		FB9A7727298F8138008EE4CE /* PBXContainerItemProxy */ = {
			isa = PBXContainerItemProxy;
			containerPortal = FB9A7708298F8137008EE4CE /* Project object */;
			proxyType = 1;
			remoteGlobalIDString = FB9A770F298F8137008EE4CE;
			remoteInfo = VSApp;
		};
		FB9A7731298F8138008EE4CE /* PBXContainerItemProxy */ = {
			isa = PBXContainerItemProxy;
			containerPortal = FB9A7708298F8137008EE4CE /* Project object */;
			proxyType = 1;
			remoteGlobalIDString = FB9A770F298F8137008EE4CE;
			remoteInfo = VSApp;
		};
/* End PBXContainerItemProxy section */

/* Begin PBXFileReference section */
		FB9A7710298F8137008EE4CE /* VSApp.app */ = {isa = PBXFileReference; explicitFileType = wrapper.application; includeInIndex = 0; path = VSApp.app; sourceTree = BUILT_PRODUCTS_DIR; };
		FB9A7713298F8137008EE4CE /* AppDelegate.swift */ = {isa = PBXFileReference; lastKnownFileType = sourcecode.swift; path = AppDelegate.swift; sourceTree = "<group>"; };
		FB9A7715298F8137008EE4CE /* SceneDelegate.swift */ = {isa = PBXFileReference; lastKnownFileType = sourcecode.swift; path = SceneDelegate.swift; sourceTree = "<group>"; };
		FB9A7717298F8137008EE4CE /* ViewController.swift */ = {isa = PBXFileReference; lastKnownFileType = sourcecode.swift; path = ViewController.swift; sourceTree = "<group>"; };
		FB9A771A298F8137008EE4CE /* Base */ = {isa = PBXFileReference; lastKnownFileType = file.storyboard; name = Base; path = Base.lproj/Main.storyboard; sourceTree = "<group>"; };
		FB9A771C298F8137008EE4CE /* Assets.xcassets */ = {isa = PBXFileReference; lastKnownFileType = folder.assetcatalog; path = Assets.xcassets; sourceTree = "<group>"; };
		FB9A771F298F8137008EE4CE /* Base */ = {isa = PBXFileReference; lastKnownFileType = file.storyboard; name = Base; path = Base.lproj/LaunchScreen.storyboard; sourceTree = "<group>"; };
		FB9A7721298F8137008EE4CE /* Info.plist */ = {isa = PBXFileReference; lastKnownFileType = text.plist.xml; path = Info.plist; sourceTree = "<group>"; };
		FB9A7726298F8138008EE4CE /* VSAppTests.xctest */ = {isa = PBXFileReference; explicitFileType = wrapper.cfbundle; includeInIndex = 0; path = VSAppTests.xctest; sourceTree = BUILT_PRODUCTS_DIR; };
		FB9A772A298F8138008EE4CE /* VSAppTests.swift */ = {isa = PBXFileReference; lastKnownFileType = sourcecode.swift; path = VSAppTests.swift; sourceTree = "<group>"; };
		FB9A7730298F8138008EE4CE /* VSAppUITests.xctest */ = {isa = PBXFileReference; explicitFileType = wrapper.cfbundle; includeInIndex = 0; path = VSAppUITests.xctest; sourceTree = BUILT_PRODUCTS_DIR; };
		FB9A7734298F8138008EE4CE /* VSAppUITests.swift */ = {isa = PBXFileReference; lastKnownFileType = sourcecode.swift; path = VSAppUITests.swift; sourceTree = "<group>"; };
		FB9A7736298F8138008EE4CE /* VSAppUITestsLaunchTests.swift */ = {isa = PBXFileReference; lastKnownFileType = sourcecode.swift; path = VSAppUITestsLaunchTests.swift; sourceTree = "<group>"; };
/* End PBXFileReference section */

/* Begin PBXFrameworksBuildPhase section */
		FB9A770D298F8137008EE4CE /* Frameworks */ = {
			isa = PBXFrameworksBuildPhase;
			buildActionMask = 2147483647;
			files = (
			);
			runOnlyForDeploymentPostprocessing = 0;
		};
		FB9A7723298F8138008EE4CE /* Frameworks */ = {
			isa = PBXFrameworksBuildPhase;
			buildActionMask = 2147483647;
			files = (
			);
			runOnlyForDeploymentPostprocessing = 0;
		};
		FB9A772D298F8138008EE4CE /* Frameworks */ = {
			isa = PBXFrameworksBuildPhase;
			buildActionMask = 2147483647;
			files = (
			);
			runOnlyForDeploymentPostprocessing = 0;
		};
/* End PBXFrameworksBuildPhase section */

/* Begin PBXGroup section */
		FB9A7707298F8137008EE4CE = {
			isa = PBXGroup;
			children = (
				FB9A7712298F8137008EE4CE /* VSApp */,
				FB9A7729298F8138008EE4CE /* VSAppTests */,
				FB9A7733298F8138008EE4CE /* VSAppUITests */,
				FB9A7711298F8137008EE4CE /* Products */,
			);
			sourceTree = "<group>";
		};
		FB9A7711298F8137008EE4CE /* Products */ = {
			isa = PBXGroup;
			children = (
				FB9A7710298F8137008EE4CE /* VSApp.app */,
				FB9A7726298F8138008EE4CE /* VSAppTests.xctest */,
				FB9A7730298F8138008EE4CE /* VSAppUITests.xctest */,
			);
			name = Products;
			sourceTree = "<group>";
		};
		FB9A7712298F8137008EE4CE /* VSApp */ = {
			isa = PBXGroup;
			children = (
				FB9A7713298F8137008EE4CE /* AppDelegate.swift */,
				FB9A7715298F8137008EE4CE /* SceneDelegate.swift */,
				FB9A7717298F8137008EE4CE /* ViewController.swift */,
				FB9A7719298F8137008EE4CE /* Main.storyboard */,
				FB9A771C298F8137008EE4CE /* Assets.xcassets */,
				FB9A771E298F8137008EE4CE /* LaunchScreen.storyboard */,
				FB9A7721298F8137008EE4CE /* Info.plist */,
			);
			path = VSApp;
			sourceTree = "<group>";
		};
		FB9A7729298F8138008EE4CE /* VSAppTests */ = {
			isa = PBXGroup;
			children = (
				FB9A772A298F8138008EE4CE /* VSAppTests.swift */,
			);
			path = VSAppTests;
			sourceTree = "<group>";
		};
		FB9A7733298F8138008EE4CE /* VSAppUITests */ = {
			isa = PBXGroup;
			children = (
				FB9A7734298F8138008EE4CE /* VSAppUITests.swift */,
				FB9A7736298F8138008EE4CE /* VSAppUITestsLaunchTests.swift */,
			);
			path = VSAppUITests;
			sourceTree = "<group>";
		};
/* End PBXGroup section */

/* Begin PBXNativeTarget section */
		FB9A770F298F8137008EE4CE /* VSApp */ = {
			isa = PBXNativeTarget;
			buildConfigurationList = FB9A773A298F8138008EE4CE /* Build configuration list for PBXNativeTarget "VSApp" */;
			buildPhases = (
				FB9A770C298F8137008EE4CE /* Sources */,
				FB9A770D298F8137008EE4CE /* Frameworks */,
				FB9A770E298F8137008EE4CE /* Resources */,
			);
			buildRules = (
			);
			dependencies = (
			);
			name = VSApp;
			productName = VSApp;
			productReference = FB9A7710298F8137008EE4CE /* VSApp.app */;
			productType = "com.apple.product-type.application";
		};
		FB9A7725298F8138008EE4CE /* VSAppTests */ = {
			isa = PBXNativeTarget;
			buildConfigurationList = FB9A773D298F8138008EE4CE /* Build configuration list for PBXNativeTarget "VSAppTests" */;
			buildPhases = (
				FB9A7722298F8138008EE4CE /* Sources */,
				FB9A7723298F8138008EE4CE /* Frameworks */,
				FB9A7724298F8138008EE4CE /* Resources */,
			);
			buildRules = (
			);
			dependencies = (
				FB9A7728298F8138008EE4CE /* PBXTargetDependency */,
			);
			name = VSAppTests;
			productName = VSAppTests;
			productReference = FB9A7726298F8138008EE4CE /* VSAppTests.xctest */;
			productType = "com.apple.product-type.bundle.unit-test";
		};
		FB9A772F298F8138008EE4CE /* VSAppUITests */ = {
			isa = PBXNativeTarget;
			buildConfigurationList = FB9A7740298F8138008EE4CE /* Build configuration list for PBXNativeTarget "VSAppUITests" */;
			buildPhases = (
				FB9A772C298F8138008EE4CE /* Sources */,
				FB9A772D298F8138008EE4CE /* Frameworks */,
				FB9A772E298F8138008EE4CE /* Resources */,
			);
			buildRules = (
			);
			dependencies = (
				FB9A7732298F8138008EE4CE /* PBXTargetDependency */,
			);
			name = VSAppUITests;
			productName = VSAppUITests;
			productReference = FB9A7730298F8138008EE4CE /* VSAppUITests.xctest */;
			productType = "com.apple.product-type.bundle.ui-testing";
		};
/* End PBXNativeTarget section */

/* Begin PBXProject section */
		FB9A7708298F8137008EE4CE /* Project object */ = {
			isa = PBXProject;
			attributes = {
				BuildIndependentTargetsInParallel = 1;
				LastSwiftUpdateCheck = 1420;
				LastUpgradeCheck = 1420;
				TargetAttributes = {
					FB9A770F298F8137008EE4CE = {
						CreatedOnToolsVersion = 14.2;
					};
					FB9A7725298F8138008EE4CE = {
						CreatedOnToolsVersion = 14.2;
						TestTargetID = FB9A770F298F8137008EE4CE;
					};
					FB9A772F298F8138008EE4CE = {
						CreatedOnToolsVersion = 14.2;
						TestTargetID = FB9A770F298F8137008EE4CE;
					};
				};
			};
			buildConfigurationList = FB9A770B298F8137008EE4CE /* Build configuration list for PBXProject "VSApp" */;
			compatibilityVersion = "Xcode 14.0";
			developmentRegion = en;
			hasScannedForEncodings = 0;
			knownRegions = (
				en,
				Base,
			);
			mainGroup = FB9A7707298F8137008EE4CE;
			productRefGroup = FB9A7711298F8137008EE4CE /* Products */;
			projectDirPath = "";
			projectRoot = "";
			targets = (
				FB9A770F298F8137008EE4CE /* VSApp */,
				FB9A7725298F8138008EE4CE /* VSAppTests */,
				FB9A772F298F8138008EE4CE /* VSAppUITests */,
			);
		};
/* End PBXProject section */

/* Begin PBXResourcesBuildPhase section */
		FB9A770E298F8137008EE4CE /* Resources */ = {
			isa = PBXResourcesBuildPhase;
			buildActionMask = 2147483647;
			files = (
				FB9A7720298F8137008EE4CE /* LaunchScreen.storyboard in Resources */,
				FB9A771D298F8137008EE4CE /* Assets.xcassets in Resources */,
				FB9A771B298F8137008EE4CE /* Main.storyboard in Resources */,
			);
			runOnlyForDeploymentPostprocessing = 0;
		};
		FB9A7724298F8138008EE4CE /* Resources */ = {
			isa = PBXResourcesBuildPhase;
			buildActionMask = 2147483647;
			files = (
			);
			runOnlyForDeploymentPostprocessing = 0;
		};
		FB9A772E298F8138008EE4CE /* Resources */ = {
			isa = PBXResourcesBuildPhase;
			buildActionMask = 2147483647;
			files = (
			);
			runOnlyForDeploymentPostprocessing = 0;
		};
/* End PBXResourcesBuildPhase section */

/* Begin PBXSourcesBuildPhase section */
		FB9A770C298F8137008EE4CE /* Sources */ = {
			isa = PBXSourcesBuildPhase;
			buildActionMask = 2147483647;
			files = (
				FB9A7718298F8137008EE4CE /* ViewController.swift in Sources */,
				FB9A7714298F8137008EE4CE /* AppDelegate.swift in Sources */,
				FB9A7716298F8137008EE4CE /* SceneDelegate.swift in Sources */,
			);
			runOnlyForDeploymentPostprocessing = 0;
		};
		FB9A7722298F8138008EE4CE /* Sources */ = {
			isa = PBXSourcesBuildPhase;
			buildActionMask = 2147483647;
			files = (
				FB9A772B298F8138008EE4CE /* VSAppTests.swift in Sources */,
			);
			runOnlyForDeploymentPostprocessing = 0;
		};
		FB9A772C298F8138008EE4CE /* Sources */ = {
			isa = PBXSourcesBuildPhase;
			buildActionMask = 2147483647;
			files = (
				FB9A7735298F8138008EE4CE /* VSAppUITests.swift in Sources */,
				FB9A7737298F8138008EE4CE /* VSAppUITestsLaunchTests.swift in Sources */,
			);
			runOnlyForDeploymentPostprocessing = 0;
		};
/* End PBXSourcesBuildPhase section */

/* Begin PBXTargetDependency section */
		FB9A7728298F8138008EE4CE /* PBXTargetDependency */ = {
			isa = PBXTargetDependency;
			target = FB9A770F298F8137008EE4CE /* VSApp */;
			targetProxy = FB9A7727298F8138008EE4CE /* PBXContainerItemProxy */;
		};
		FB9A7732298F8138008EE4CE /* PBXTargetDependency */ = {
			isa = PBXTargetDependency;
			target = FB9A770F298F8137008EE4CE /* VSApp */;
			targetProxy = FB9A7731298F8138008EE4CE /* PBXContainerItemProxy */;
		};
/* End PBXTargetDependency section */

/* Begin PBXVariantGroup section */
		FB9A7719298F8137008EE4CE /* Main.storyboard */ = {
			isa = PBXVariantGroup;
			children = (
				FB9A771A298F8137008EE4CE /* Base */,
			);
			name = Main.storyboard;
			sourceTree = "<group>";
		};
		FB9A771E298F8137008EE4CE /* LaunchScreen.storyboard */ = {
			isa = PBXVariantGroup;
			children = (
				FB9A771F298F8137008EE4CE /* Base */,
			);
			name = LaunchScreen.storyboard;
			sourceTree = "<group>";
		};
/* End PBXVariantGroup section */

/* Begin XCBuildConfiguration section */
		FB9A7738298F8138008EE4CE /* Debug */ = {
			isa = XCBuildConfiguration;
			buildSettings = {
				ALWAYS_SEARCH_USER_PATHS = NO;
				CLANG_ANALYZER_NONNULL = YES;
				CLANG_ANALYZER_NUMBER_OBJECT_CONVERSION = YES_AGGRESSIVE;
				CLANG_CXX_LANGUAGE_STANDARD = "gnu++20";
				CLANG_ENABLE_MODULES = YES;
				CLANG_ENABLE_OBJC_ARC = YES;
				CLANG_ENABLE_OBJC_WEAK = YES;
				CLANG_WARN_BLOCK_CAPTURE_AUTORELEASING = YES;
				CLANG_WARN_BOOL_CONVERSION = YES;
				CLANG_WARN_COMMA = YES;
				CLANG_WARN_CONSTANT_CONVERSION = YES;
				CLANG_WARN_DEPRECATED_OBJC_IMPLEMENTATIONS = YES;
				CLANG_WARN_DIRECT_OBJC_ISA_USAGE = YES_ERROR;
				CLANG_WARN_DOCUMENTATION_COMMENTS = YES;
				CLANG_WARN_EMPTY_BODY = YES;
				CLANG_WARN_ENUM_CONVERSION = YES;
				CLANG_WARN_INFINITE_RECURSION = YES;
				CLANG_WARN_INT_CONVERSION = YES;
				CLANG_WARN_NON_LITERAL_NULL_CONVERSION = YES;
				CLANG_WARN_OBJC_IMPLICIT_RETAIN_SELF = YES;
				CLANG_WARN_OBJC_LITERAL_CONVERSION = YES;
				CLANG_WARN_OBJC_ROOT_CLASS = YES_ERROR;
				CLANG_WARN_QUOTED_INCLUDE_IN_FRAMEWORK_HEADER = YES;
				CLANG_WARN_RANGE_LOOP_ANALYSIS = YES;
				CLANG_WARN_STRICT_PROTOTYPES = YES;
				CLANG_WARN_SUSPICIOUS_MOVE = YES;
				CLANG_WARN_UNGUARDED_AVAILABILITY = YES_AGGRESSIVE;
				CLANG_WARN_UNREACHABLE_CODE = YES;
				CLANG_WARN__DUPLICATE_METHOD_MATCH = YES;
				COPY_PHASE_STRIP = NO;
				DEBUG_INFORMATION_FORMAT = dwarf;
				ENABLE_STRICT_OBJC_MSGSEND = YES;
				ENABLE_TESTABILITY = YES;
				GCC_C_LANGUAGE_STANDARD = gnu11;
				GCC_DYNAMIC_NO_PIC = NO;
				GCC_NO_COMMON_BLOCKS = YES;
				GCC_OPTIMIZATION_LEVEL = 0;
				GCC_PREPROCESSOR_DEFINITIONS = (
					"DEBUG=1",
					"$(inherited)",
				);
				GCC_WARN_64_TO_32_BIT_CONVERSION = YES;
				GCC_WARN_ABOUT_RETURN_TYPE = YES_ERROR;
				GCC_WARN_UNDECLARED_SELECTOR = YES;
				GCC_WARN_UNINITIALIZED_AUTOS = YES_AGGRESSIVE;
				GCC_WARN_UNUSED_FUNCTION = YES;
				GCC_WARN_UNUSED_VARIABLE = YES;
				IPHONEOS_DEPLOYMENT_TARGET = 16.2;
				MTL_ENABLE_DEBUG_INFO = INCLUDE_SOURCE;
				MTL_FAST_MATH = YES;
				ONLY_ACTIVE_ARCH = YES;
				SDKROOT = iphoneos;
				SWIFT_ACTIVE_COMPILATION_CONDITIONS = DEBUG;
				SWIFT_OPTIMIZATION_LEVEL = "-Onone";
			};
			name = Debug;
		};
		FB9A7739298F8138008EE4CE /* Release */ = {
			isa = XCBuildConfiguration;
			buildSettings = {
				ALWAYS_SEARCH_USER_PATHS = NO;
				CLANG_ANALYZER_NONNULL = YES;
				CLANG_ANALYZER_NUMBER_OBJECT_CONVERSION = YES_AGGRESSIVE;
				CLANG_CXX_LANGUAGE_STANDARD = "gnu++20";
				CLANG_ENABLE_MODULES = YES;
				CLANG_ENABLE_OBJC_ARC = YES;
				CLANG_ENABLE_OBJC_WEAK = YES;
				CLANG_WARN_BLOCK_CAPTURE_AUTORELEASING = YES;
				CLANG_WARN_BOOL_CONVERSION = YES;
				CLANG_WARN_COMMA = YES;
				CLANG_WARN_CONSTANT_CONVERSION = YES;
				CLANG_WARN_DEPRECATED_OBJC_IMPLEMENTATIONS = YES;
				CLANG_WARN_DIRECT_OBJC_ISA_USAGE = YES_ERROR;
				CLANG_WARN_DOCUMENTATION_COMMENTS = YES;
				CLANG_WARN_EMPTY_BODY = YES;
				CLANG_WARN_ENUM_CONVERSION = YES;
				CLANG_WARN_INFINITE_RECURSION = YES;
				CLANG_WARN_INT_CONVERSION = YES;
				CLANG_WARN_NON_LITERAL_NULL_CONVERSION = YES;
				CLANG_WARN_OBJC_IMPLICIT_RETAIN_SELF = YES;
				CLANG_WARN_OBJC_LITERAL_CONVERSION = YES;
				CLANG_WARN_OBJC_ROOT_CLASS = YES_ERROR;
				CLANG_WARN_QUOTED_INCLUDE_IN_FRAMEWORK_HEADER = YES;
				CLANG_WARN_RANGE_LOOP_ANALYSIS = YES;
				CLANG_WARN_STRICT_PROTOTYPES = YES;
				CLANG_WARN_SUSPICIOUS_MOVE = YES;
				CLANG_WARN_UNGUARDED_AVAILABILITY = YES_AGGRESSIVE;
				CLANG_WARN_UNREACHABLE_CODE = YES;
				CLANG_WARN__DUPLICATE_METHOD_MATCH = YES;
				COPY_PHASE_STRIP = NO;
				DEBUG_INFORMATION_FORMAT = "dwarf-with-dsym";
				ENABLE_NS_ASSERTIONS = NO;
				ENABLE_STRICT_OBJC_MSGSEND = YES;
				GCC_C_LANGUAGE_STANDARD = gnu11;
				GCC_NO_COMMON_BLOCKS = YES;
				GCC_WARN_64_TO_32_BIT_CONVERSION = YES;
				GCC_WARN_ABOUT_RETURN_TYPE = YES_ERROR;
				GCC_WARN_UNDECLARED_SELECTOR = YES;
				GCC_WARN_UNINITIALIZED_AUTOS = YES_AGGRESSIVE;
				GCC_WARN_UNUSED_FUNCTION = YES;
				GCC_WARN_UNUSED_VARIABLE = YES;
				IPHONEOS_DEPLOYMENT_TARGET = 16.2;
				MTL_ENABLE_DEBUG_INFO = NO;
				MTL_FAST_MATH = YES;
				SDKROOT = iphoneos;
				SWIFT_COMPILATION_MODE = wholemodule;
				SWIFT_OPTIMIZATION_LEVEL = "-O";
				VALIDATE_PRODUCT = YES;
			};
			name = Release;
		};
		FB9A773B298F8138008EE4CE /* Debug */ = {
			isa = XCBuildConfiguration;
			buildSettings = {
				ASSETCATALOG_COMPILER_APPICON_NAME = AppIcon;
				ASSETCATALOG_COMPILER_GLOBAL_ACCENT_COLOR_NAME = AccentColor;
				CODE_SIGN_STYLE = Automatic;
				CURRENT_PROJECT_VERSION = 1;
				DEVELOPMENT_TEAM = PBFN9W4J7V;
				GENERATE_INFOPLIST_FILE = YES;
				INFOPLIST_FILE = VSApp/Info.plist;
				INFOPLIST_KEY_UIApplicationSupportsIndirectInputEvents = YES;
				INFOPLIST_KEY_UILaunchStoryboardName = LaunchScreen;
				INFOPLIST_KEY_UIMainStoryboardFile = Main;
				INFOPLIST_KEY_UISupportedInterfaceOrientations = UIInterfaceOrientationPortrait;
				INFOPLIST_KEY_UISupportedInterfaceOrientations_iPad = "UIInterfaceOrientationLandscapeLeft UIInterfaceOrientationLandscapeRight UIInterfaceOrientationPortrait UIInterfaceOrientationPortraitUpsideDown";
				IPHONEOS_DEPLOYMENT_TARGET = 16.0;
				LD_RUNPATH_SEARCH_PATHS = (
					"$(inherited)",
					"@executable_path/Frameworks",
				);
				MARKETING_VERSION = 1.0;
				PRODUCT_BUNDLE_IDENTIFIER = com.binil.VSApp;
				PRODUCT_NAME = "$(TARGET_NAME)";
				SUPPORTED_PLATFORMS = "iphoneos iphonesimulator";
				SUPPORTS_MACCATALYST = NO;
				SUPPORTS_MAC_DESIGNED_FOR_IPHONE_IPAD = NO;
				SWIFT_EMIT_LOC_STRINGS = YES;
				SWIFT_VERSION = 5.0;
				TARGETED_DEVICE_FAMILY = 1;
			};
			name = Debug;
		};
		FB9A773C298F8138008EE4CE /* Release */ = {
			isa = XCBuildConfiguration;
			buildSettings = {
				ASSETCATALOG_COMPILER_APPICON_NAME = AppIcon;
				ASSETCATALOG_COMPILER_GLOBAL_ACCENT_COLOR_NAME = AccentColor;
				CODE_SIGN_STYLE = Automatic;
				CURRENT_PROJECT_VERSION = 1;
				DEVELOPMENT_TEAM = PBFN9W4J7V;
				GENERATE_INFOPLIST_FILE = YES;
				INFOPLIST_FILE = VSApp/Info.plist;
				INFOPLIST_KEY_UIApplicationSupportsIndirectInputEvents = YES;
				INFOPLIST_KEY_UILaunchStoryboardName = LaunchScreen;
				INFOPLIST_KEY_UIMainStoryboardFile = Main;
				INFOPLIST_KEY_UISupportedInterfaceOrientations = UIInterfaceOrientationPortrait;
				INFOPLIST_KEY_UISupportedInterfaceOrientations_iPad = "UIInterfaceOrientationLandscapeLeft UIInterfaceOrientationLandscapeRight UIInterfaceOrientationPortrait UIInterfaceOrientationPortraitUpsideDown";
				IPHONEOS_DEPLOYMENT_TARGET = 16.0;
				LD_RUNPATH_SEARCH_PATHS = (
					"$(inherited)",
					"@executable_path/Frameworks",
				);
				MARKETING_VERSION = 1.0;
				PRODUCT_BUNDLE_IDENTIFIER = com.binil.VSApp;
				PRODUCT_NAME = "$(TARGET_NAME)";
				SUPPORTED_PLATFORMS = "iphoneos iphonesimulator";
				SUPPORTS_MACCATALYST = NO;
				SUPPORTS_MAC_DESIGNED_FOR_IPHONE_IPAD = NO;
				SWIFT_EMIT_LOC_STRINGS = YES;
				SWIFT_VERSION = 5.0;
				TARGETED_DEVICE_FAMILY = 1;
			};
			name = Release;
		};
		FB9A773E298F8138008EE4CE /* Debug */ = {
			isa = XCBuildConfiguration;
			buildSettings = {
				ALWAYS_EMBED_SWIFT_STANDARD_LIBRARIES = YES;
				BUNDLE_LOADER = "$(TEST_HOST)";
				CODE_SIGN_STYLE = Automatic;
				CURRENT_PROJECT_VERSION = 1;
				DEVELOPMENT_TEAM = PBFN9W4J7V;
				GENERATE_INFOPLIST_FILE = YES;
				IPHONEOS_DEPLOYMENT_TARGET = 16.2;
				MARKETING_VERSION = 1.0;
				PRODUCT_BUNDLE_IDENTIFIER = com.binil.VSAppTests;
				PRODUCT_NAME = "$(TARGET_NAME)";
				SWIFT_EMIT_LOC_STRINGS = NO;
				SWIFT_VERSION = 5.0;
				TARGETED_DEVICE_FAMILY = "1,2";
				TEST_HOST = "$(BUILT_PRODUCTS_DIR)/VSApp.app/$(BUNDLE_EXECUTABLE_FOLDER_PATH)/VSApp";
			};
			name = Debug;
		};
		FB9A773F298F8138008EE4CE /* Release */ = {
			isa = XCBuildConfiguration;
			buildSettings = {
				ALWAYS_EMBED_SWIFT_STANDARD_LIBRARIES = YES;
				BUNDLE_LOADER = "$(TEST_HOST)";
				CODE_SIGN_STYLE = Automatic;
				CURRENT_PROJECT_VERSION = 1;
				DEVELOPMENT_TEAM = PBFN9W4J7V;
				GENERATE_INFOPLIST_FILE = YES;
				IPHONEOS_DEPLOYMENT_TARGET = 16.2;
				MARKETING_VERSION = 1.0;
				PRODUCT_BUNDLE_IDENTIFIER = com.binil.VSAppTests;
				PRODUCT_NAME = "$(TARGET_NAME)";
				SWIFT_EMIT_LOC_STRINGS = NO;
				SWIFT_VERSION = 5.0;
				TARGETED_DEVICE_FAMILY = "1,2";
				TEST_HOST = "$(BUILT_PRODUCTS_DIR)/VSApp.app/$(BUNDLE_EXECUTABLE_FOLDER_PATH)/VSApp";
			};
			name = Release;
		};
		FB9A7741298F8138008EE4CE /* Debug */ = {
			isa = XCBuildConfiguration;
			buildSettings = {
				ALWAYS_EMBED_SWIFT_STANDARD_LIBRARIES = YES;
				CODE_SIGN_STYLE = Automatic;
				CURRENT_PROJECT_VERSION = 1;
				DEVELOPMENT_TEAM = PBFN9W4J7V;
				GENERATE_INFOPLIST_FILE = YES;
				MARKETING_VERSION = 1.0;
				PRODUCT_BUNDLE_IDENTIFIER = com.binil.VSAppUITests;
				PRODUCT_NAME = "$(TARGET_NAME)";
				SWIFT_EMIT_LOC_STRINGS = NO;
				SWIFT_VERSION = 5.0;
				TARGETED_DEVICE_FAMILY = "1,2";
				TEST_TARGET_NAME = VSApp;
			};
			name = Debug;
		};
		FB9A7742298F8138008EE4CE /* Release */ = {
			isa = XCBuildConfiguration;
			buildSettings = {
				ALWAYS_EMBED_SWIFT_STANDARD_LIBRARIES = YES;
				CODE_SIGN_STYLE = Automatic;
				CURRENT_PROJECT_VERSION = 1;
				DEVELOPMENT_TEAM = PBFN9W4J7V;
				GENERATE_INFOPLIST_FILE = YES;
				MARKETING_VERSION = 1.0;
				PRODUCT_BUNDLE_IDENTIFIER = com.binil.VSAppUITests;
				PRODUCT_NAME = "$(TARGET_NAME)";
				SWIFT_EMIT_LOC_STRINGS = NO;
				SWIFT_VERSION = 5.0;
				TARGETED_DEVICE_FAMILY = "1,2";
				TEST_TARGET_NAME = VSApp;
			};
			name = Release;
		};
/* End XCBuildConfiguration section */

/* Begin XCConfigurationList section */
		FB9A770B298F8137008EE4CE /* Build configuration list for PBXProject "VSApp" */ = {
			isa = XCConfigurationList;
			buildConfigurations = (
				FB9A7738298F8138008EE4CE /* Debug */,
				FB9A7739298F8138008EE4CE /* Release */,
			);
			defaultConfigurationIsVisible = 0;
			defaultConfigurationName = Release;
		};
		FB9A773A298F8138008EE4CE /* Build configuration list for PBXNativeTarget "VSApp" */ = {
			isa = XCConfigurationList;
			buildConfigurations = (
				FB9A773B298F8138008EE4CE /* Debug */,
				FB9A773C298F8138008EE4CE /* Release */,
			);
			defaultConfigurationIsVisible = 0;
			defaultConfigurationName = Release;
		};
		FB9A773D298F8138008EE4CE /* Build configuration list for PBXNativeTarget "VSAppTests" */ = {
			isa = XCConfigurationList;
			buildConfigurations = (
				FB9A773E298F8138008EE4CE /* Debug */,
				FB9A773F298F8138008EE4CE /* Release */,
			);
			defaultConfigurationIsVisible = 0;
			defaultConfigurationName = Release;
		};
		FB9A7740298F8138008EE4CE /* Build configuration list for PBXNativeTarget "VSAppUITests" */ = {
			isa = XCConfigurationList;
			buildConfigurations = (
				FB9A7741298F8138008EE4CE /* Debug */,
				FB9A7742298F8138008EE4CE /* Release */,
			);
			defaultConfigurationIsVisible = 0;
			defaultConfigurationName = Release;
		};
/* End XCConfigurationList section */
	};
	rootObject = FB9A7708298F8137008EE4CE /* Project object */;
}
