// !$*UTF8*$!
{
	archiveVersion = 1;
	classes = {
	};
	objectVersion = 56;
	objects = {

/* Begin PBXBuildFile section */
		3818D960405413AC0FC3C822 /* Pods_VSApp.framework in Frameworks */ = {isa = PBXBuildFile; fileRef = EA53771157A4A6B746F35393 /* Pods_VSApp.framework */; };
		934A859D6AC5DFD6246CC880 /* Pods_VSApp_VSAppUITests.framework in Frameworks */ = {isa = PBXBuildFile; fileRef = 850F9AA199B11FF0789247F0 /* Pods_VSApp_VSAppUITests.framework */; };
		9668F4876D2F36DC9FA6B3E5 /* Pods_VSAppTests.framework in Frameworks */ = {isa = PBXBuildFile; fileRef = 941AD699DA564953A13F8886 /* Pods_VSAppTests.framework */; };
		FB40908A2990320B000F8741 /* LoginViewModelTests.swift in Sources */ = {isa = PBXBuildFile; fileRef = FB4090892990320B000F8741 /* LoginViewModelTests.swift */; };
		FB40908C29903632000F8741 /* SDWebImage in Frameworks */ = {isa = PBXBuildFile; productRef = FB40908B29903632000F8741 /* SDWebImage */; };
		FB40908D2990374D000F8741 /* ProfileList.json in Resources */ = {isa = PBXBuildFile; fileRef = FB9A7771298FCBCD008EE4CE /* ProfileList.json */; };
		FB40908E29903750000F8741 /* ProductList.json in Resources */ = {isa = PBXBuildFile; fileRef = FB9A7773298FCBF9008EE4CE /* ProductList.json */; };
		FB409090299037AA000F8741 /* XCTestExtension.swift in Sources */ = {isa = PBXBuildFile; fileRef = FB40908F299037AA000F8741 /* XCTestExtension.swift */; };
		FB4090922990381B000F8741 /* ProfileViewModelTests.swift in Sources */ = {isa = PBXBuildFile; fileRef = FB4090912990381B000F8741 /* ProfileViewModelTests.swift */; };
		FB409095299042D7000F8741 /* ProductListViewModelTests.swift in Sources */ = {isa = PBXBuildFile; fileRef = FB409094299042D7000F8741 /* ProductListViewModelTests.swift */; };
		FB9A7714298F8137008EE4CE /* AppDelegate.swift in Sources */ = {isa = PBXBuildFile; fileRef = FB9A7713298F8137008EE4CE /* AppDelegate.swift */; };
		FB9A7716298F8137008EE4CE /* SceneDelegate.swift in Sources */ = {isa = PBXBuildFile; fileRef = FB9A7715298F8137008EE4CE /* SceneDelegate.swift */; };
		FB9A771D298F8137008EE4CE /* Assets.xcassets in Resources */ = {isa = PBXBuildFile; fileRef = FB9A771C298F8137008EE4CE /* Assets.xcassets */; };
		FB9A7720298F8137008EE4CE /* LaunchScreen.storyboard in Resources */ = {isa = PBXBuildFile; fileRef = FB9A771E298F8137008EE4CE /* LaunchScreen.storyboard */; };
		FB9A772B298F8138008EE4CE /* VSAppTests.swift in Sources */ = {isa = PBXBuildFile; fileRef = FB9A772A298F8138008EE4CE /* VSAppTests.swift */; };
		FB9A7735298F8138008EE4CE /* VSAppUITests.swift in Sources */ = {isa = PBXBuildFile; fileRef = FB9A7734298F8138008EE4CE /* VSAppUITests.swift */; };
		FB9A7737298F8138008EE4CE /* VSAppUITestsLaunchTests.swift in Sources */ = {isa = PBXBuildFile; fileRef = FB9A7736298F8138008EE4CE /* VSAppUITestsLaunchTests.swift */; };
		FB9A7747298F8621008EE4CE /* Extenstions.swift in Sources */ = {isa = PBXBuildFile; fileRef = FB9A7746298F8621008EE4CE /* Extenstions.swift */; };
		FB9A774A298F86E1008EE4CE /* Errors.swift in Sources */ = {isa = PBXBuildFile; fileRef = FB9A7749298F86E1008EE4CE /* Errors.swift */; };
		FB9A774C298F86FC008EE4CE /* SourceURL.swift in Sources */ = {isa = PBXBuildFile; fileRef = FB9A774B298F86FC008EE4CE /* SourceURL.swift */; };
		FB9A774E298F88B7008EE4CE /* APIService.swift in Sources */ = {isa = PBXBuildFile; fileRef = FB9A774D298F88B7008EE4CE /* APIService.swift */; };
		FB9A7750298F8C78008EE4CE /* NetworkManager.swift in Sources */ = {isa = PBXBuildFile; fileRef = FB9A774F298F8C78008EE4CE /* NetworkManager.swift */; };
		FB9A7756298F9436008EE4CE /* ProductList.swift in Sources */ = {isa = PBXBuildFile; fileRef = FB9A7755298F9436008EE4CE /* ProductList.swift */; };
		FB9A7758298F946D008EE4CE /* ProductList.storyboard in Resources */ = {isa = PBXBuildFile; fileRef = FB9A7757298F946D008EE4CE /* ProductList.storyboard */; };
		FB9A775B298F94FE008EE4CE /* VSBaseTabBarController.swift in Sources */ = {isa = PBXBuildFile; fileRef = FB9A775A298F94FE008EE4CE /* VSBaseTabBarController.swift */; };
		FB9A775D298F96E5008EE4CE /* ProductListViewController.swift in Sources */ = {isa = PBXBuildFile; fileRef = FB9A775C298F96E5008EE4CE /* ProductListViewController.swift */; };
		FB9A775F298F9704008EE4CE /* Storyboards.swift in Sources */ = {isa = PBXBuildFile; fileRef = FB9A775E298F9704008EE4CE /* Storyboards.swift */; };
		FB9A7763298F9837008EE4CE /* Profile.storyboard in Resources */ = {isa = PBXBuildFile; fileRef = FB9A7762298F9837008EE4CE /* Profile.storyboard */; };
		FB9A7765298F9846008EE4CE /* ProfileViewController.swift in Sources */ = {isa = PBXBuildFile; fileRef = FB9A7764298F9846008EE4CE /* ProfileViewController.swift */; };
		FB9A7767298F9C54008EE4CE /* Main.storyboard in Resources */ = {isa = PBXBuildFile; fileRef = FB9A7766298F9C54008EE4CE /* Main.storyboard */; };
		FB9A7769298F9CE5008EE4CE /* LoginViewController.swift in Sources */ = {isa = PBXBuildFile; fileRef = FB9A7768298F9CE5008EE4CE /* LoginViewController.swift */; };
		FB9A776C298FC76A008EE4CE /* LoginViewModel.swift in Sources */ = {isa = PBXBuildFile; fileRef = FB9A776B298FC76A008EE4CE /* LoginViewModel.swift */; };
		FB9A776E298FCB6C008EE4CE /* VSBaseNavigationController.swift in Sources */ = {isa = PBXBuildFile; fileRef = FB9A776D298FCB6C008EE4CE /* VSBaseNavigationController.swift */; };
		FB9A7777298FCD82008EE4CE /* ProductListTableViewCell.swift in Sources */ = {isa = PBXBuildFile; fileRef = FB9A7775298FCD82008EE4CE /* ProductListTableViewCell.swift */; };
		FB9A7778298FCD82008EE4CE /* ProductListTableViewCell.xib in Resources */ = {isa = PBXBuildFile; fileRef = FB9A7776298FCD82008EE4CE /* ProductListTableViewCell.xib */; };
		FB9A777B298FD19F008EE4CE /* SDWebImage in Frameworks */ = {isa = PBXBuildFile; productRef = FB9A777A298FD19F008EE4CE /* SDWebImage */; };
		FB9A777D298FD468008EE4CE /* ProductListViewModel.swift in Sources */ = {isa = PBXBuildFile; fileRef = FB9A777C298FD468008EE4CE /* ProductListViewModel.swift */; };
		FB9A777F298FEE42008EE4CE /* VSSpinnerViewController.swift in Sources */ = {isa = PBXBuildFile; fileRef = FB9A777E298FEE42008EE4CE /* VSSpinnerViewController.swift */; };
		FB9A7781298FF01A008EE4CE /* Localizable.strings in Resources */ = {isa = PBXBuildFile; fileRef = FB9A7780298FF01A008EE4CE /* Localizable.strings */; };
		FB9A7787298FFD70008EE4CE /* ProductDetail.storyboard in Resources */ = {isa = PBXBuildFile; fileRef = FB9A7786298FFD70008EE4CE /* ProductDetail.storyboard */; };
		FB9A7789298FFD88008EE4CE /* ProductDetailViewController.swift in Sources */ = {isa = PBXBuildFile; fileRef = FB9A7788298FFD88008EE4CE /* ProductDetailViewController.swift */; };
		FB9A778C29900BBE008EE4CE /* ProfileViewModel.swift in Sources */ = {isa = PBXBuildFile; fileRef = FB9A778B29900BBE008EE4CE /* ProfileViewModel.swift */; };
		FB9A778F29900CBF008EE4CE /* Profile.swift in Sources */ = {isa = PBXBuildFile; fileRef = FB9A778E29900CBF008EE4CE /* Profile.swift */; };
/* End PBXBuildFile section */

/* Begin PBXContainerItemProxy section */
		FB9A7727298F8138008EE4CE /* PBXContainerItemProxy */ = {
			isa = PBXContainerItemProxy;
			containerPortal = FB9A7708298F8137008EE4CE /* Project object */;
			proxyType = 1;
			remoteGlobalIDString = FB9A770F298F8137008EE4CE;
			remoteInfo = VSApp;
		};
		FB9A7731298F8138008EE4CE /* PBXContainerItemProxy */ = {
			isa = PBXContainerItemProxy;
			containerPortal = FB9A7708298F8137008EE4CE /* Project object */;
			proxyType = 1;
			remoteGlobalIDString = FB9A770F298F8137008EE4CE;
			remoteInfo = VSApp;
		};
/* End PBXContainerItemProxy section */

/* Begin PBXFileReference section */
		0DF8ED16E192C47CFA10A103 /* Pods-VSApp.release.xcconfig */ = {isa = PBXFileReference; includeInIndex = 1; lastKnownFileType = text.xcconfig; name = "Pods-VSApp.release.xcconfig"; path = "Target Support Files/Pods-VSApp/Pods-VSApp.release.xcconfig"; sourceTree = "<group>"; };
		46F7AE55597CEDF7357BD62C /* Pods-VSApp-VSAppUITests.debug.xcconfig */ = {isa = PBXFileReference; includeInIndex = 1; lastKnownFileType = text.xcconfig; name = "Pods-VSApp-VSAppUITests.debug.xcconfig"; path = "Target Support Files/Pods-VSApp-VSAppUITests/Pods-VSApp-VSAppUITests.debug.xcconfig"; sourceTree = "<group>"; };
		6999484F1A8A995C21D09167 /* Pods-VSAppTests.release.xcconfig */ = {isa = PBXFileReference; includeInIndex = 1; lastKnownFileType = text.xcconfig; name = "Pods-VSAppTests.release.xcconfig"; path = "Target Support Files/Pods-VSAppTests/Pods-VSAppTests.release.xcconfig"; sourceTree = "<group>"; };
		850F9AA199B11FF0789247F0 /* Pods_VSApp_VSAppUITests.framework */ = {isa = PBXFileReference; explicitFileType = wrapper.framework; includeInIndex = 0; path = Pods_VSApp_VSAppUITests.framework; sourceTree = BUILT_PRODUCTS_DIR; };
		941AD699DA564953A13F8886 /* Pods_VSAppTests.framework */ = {isa = PBXFileReference; explicitFileType = wrapper.framework; includeInIndex = 0; path = Pods_VSAppTests.framework; sourceTree = BUILT_PRODUCTS_DIR; };
		B8D3AB301921E0411B2F1071 /* Pods-VSApp-VSAppUITests.release.xcconfig */ = {isa = PBXFileReference; includeInIndex = 1; lastKnownFileType = text.xcconfig; name = "Pods-VSApp-VSAppUITests.release.xcconfig"; path = "Target Support Files/Pods-VSApp-VSAppUITests/Pods-VSApp-VSAppUITests.release.xcconfig"; sourceTree = "<group>"; };
		E3DB064A44D494FD55ED2589 /* Pods-VSAppTests.debug.xcconfig */ = {isa = PBXFileReference; includeInIndex = 1; lastKnownFileType = text.xcconfig; name = "Pods-VSAppTests.debug.xcconfig"; path = "Target Support Files/Pods-VSAppTests/Pods-VSAppTests.debug.xcconfig"; sourceTree = "<group>"; };
		EA4C2B2CD8BD24A3B95344E0 /* Pods-VSApp.debug.xcconfig */ = {isa = PBXFileReference; includeInIndex = 1; lastKnownFileType = text.xcconfig; name = "Pods-VSApp.debug.xcconfig"; path = "Target Support Files/Pods-VSApp/Pods-VSApp.debug.xcconfig"; sourceTree = "<group>"; };
		EA53771157A4A6B746F35393 /* Pods_VSApp.framework */ = {isa = PBXFileReference; explicitFileType = wrapper.framework; includeInIndex = 0; path = Pods_VSApp.framework; sourceTree = BUILT_PRODUCTS_DIR; };
		FB4090892990320B000F8741 /* LoginViewModelTests.swift */ = {isa = PBXFileReference; lastKnownFileType = sourcecode.swift; path = LoginViewModelTests.swift; sourceTree = "<group>"; };
		FB40908F299037AA000F8741 /* XCTestExtension.swift */ = {isa = PBXFileReference; lastKnownFileType = sourcecode.swift; path = XCTestExtension.swift; sourceTree = "<group>"; };
		FB4090912990381B000F8741 /* ProfileViewModelTests.swift */ = {isa = PBXFileReference; lastKnownFileType = sourcecode.swift; path = ProfileViewModelTests.swift; sourceTree = "<group>"; };
		FB409094299042D7000F8741 /* ProductListViewModelTests.swift */ = {isa = PBXFileReference; lastKnownFileType = sourcecode.swift; path = ProductListViewModelTests.swift; sourceTree = "<group>"; };
		FB9A7710298F8137008EE4CE /* VSApp.app */ = {isa = PBXFileReference; explicitFileType = wrapper.application; includeInIndex = 0; path = VSApp.app; sourceTree = BUILT_PRODUCTS_DIR; };
		FB9A7713298F8137008EE4CE /* AppDelegate.swift */ = {isa = PBXFileReference; lastKnownFileType = sourcecode.swift; path = AppDelegate.swift; sourceTree = "<group>"; };
		FB9A7715298F8137008EE4CE /* SceneDelegate.swift */ = {isa = PBXFileReference; lastKnownFileType = sourcecode.swift; path = SceneDelegate.swift; sourceTree = "<group>"; };
		FB9A771C298F8137008EE4CE /* Assets.xcassets */ = {isa = PBXFileReference; lastKnownFileType = folder.assetcatalog; path = Assets.xcassets; sourceTree = "<group>"; };
		FB9A771F298F8137008EE4CE /* Base */ = {isa = PBXFileReference; lastKnownFileType = file.storyboard; name = Base; path = Base.lproj/LaunchScreen.storyboard; sourceTree = "<group>"; };
		FB9A7721298F8137008EE4CE /* Info.plist */ = {isa = PBXFileReference; lastKnownFileType = text.plist.xml; path = Info.plist; sourceTree = "<group>"; };
		FB9A7726298F8138008EE4CE /* VSAppTests.xctest */ = {isa = PBXFileReference; explicitFileType = wrapper.cfbundle; includeInIndex = 0; path = VSAppTests.xctest; sourceTree = BUILT_PRODUCTS_DIR; };
		FB9A772A298F8138008EE4CE /* VSAppTests.swift */ = {isa = PBXFileReference; lastKnownFileType = sourcecode.swift; path = VSAppTests.swift; sourceTree = "<group>"; };
		FB9A7730298F8138008EE4CE /* VSAppUITests.xctest */ = {isa = PBXFileReference; explicitFileType = wrapper.cfbundle; includeInIndex = 0; path = VSAppUITests.xctest; sourceTree = BUILT_PRODUCTS_DIR; };
		FB9A7734298F8138008EE4CE /* VSAppUITests.swift */ = {isa = PBXFileReference; lastKnownFileType = sourcecode.swift; path = VSAppUITests.swift; sourceTree = "<group>"; };
		FB9A7736298F8138008EE4CE /* VSAppUITestsLaunchTests.swift */ = {isa = PBXFileReference; lastKnownFileType = sourcecode.swift; path = VSAppUITestsLaunchTests.swift; sourceTree = "<group>"; };
		FB9A7746298F8621008EE4CE /* Extenstions.swift */ = {isa = PBXFileReference; lastKnownFileType = sourcecode.swift; path = Extenstions.swift; sourceTree = "<group>"; };
		FB9A7749298F86E1008EE4CE /* Errors.swift */ = {isa = PBXFileReference; lastKnownFileType = sourcecode.swift; path = Errors.swift; sourceTree = "<group>"; };
		FB9A774B298F86FC008EE4CE /* SourceURL.swift */ = {isa = PBXFileReference; lastKnownFileType = sourcecode.swift; path = SourceURL.swift; sourceTree = "<group>"; };
		FB9A774D298F88B7008EE4CE /* APIService.swift */ = {isa = PBXFileReference; lastKnownFileType = sourcecode.swift; path = APIService.swift; sourceTree = "<group>"; };
		FB9A774F298F8C78008EE4CE /* NetworkManager.swift */ = {isa = PBXFileReference; lastKnownFileType = sourcecode.swift; path = NetworkManager.swift; sourceTree = "<group>"; };
		FB9A7755298F9436008EE4CE /* ProductList.swift */ = {isa = PBXFileReference; lastKnownFileType = sourcecode.swift; path = ProductList.swift; sourceTree = "<group>"; };
		FB9A7757298F946D008EE4CE /* ProductList.storyboard */ = {isa = PBXFileReference; lastKnownFileType = file.storyboard; path = ProductList.storyboard; sourceTree = "<group>"; };
		FB9A775A298F94FE008EE4CE /* VSBaseTabBarController.swift */ = {isa = PBXFileReference; lastKnownFileType = sourcecode.swift; path = VSBaseTabBarController.swift; sourceTree = "<group>"; };
		FB9A775C298F96E5008EE4CE /* ProductListViewController.swift */ = {isa = PBXFileReference; lastKnownFileType = sourcecode.swift; path = ProductListViewController.swift; sourceTree = "<group>"; };
		FB9A775E298F9704008EE4CE /* Storyboards.swift */ = {isa = PBXFileReference; lastKnownFileType = sourcecode.swift; path = Storyboards.swift; sourceTree = "<group>"; };
		FB9A7762298F9837008EE4CE /* Profile.storyboard */ = {isa = PBXFileReference; lastKnownFileType = file.storyboard; path = Profile.storyboard; sourceTree = "<group>"; };
		FB9A7764298F9846008EE4CE /* ProfileViewController.swift */ = {isa = PBXFileReference; lastKnownFileType = sourcecode.swift; path = ProfileViewController.swift; sourceTree = "<group>"; };
		FB9A7766298F9C54008EE4CE /* Main.storyboard */ = {isa = PBXFileReference; lastKnownFileType = file.storyboard; path = Main.storyboard; sourceTree = "<group>"; };
		FB9A7768298F9CE5008EE4CE /* LoginViewController.swift */ = {isa = PBXFileReference; lastKnownFileType = sourcecode.swift; path = LoginViewController.swift; sourceTree = "<group>"; };
		FB9A776B298FC76A008EE4CE /* LoginViewModel.swift */ = {isa = PBXFileReference; lastKnownFileType = sourcecode.swift; path = LoginViewModel.swift; sourceTree = "<group>"; };
		FB9A776D298FCB6C008EE4CE /* VSBaseNavigationController.swift */ = {isa = PBXFileReference; lastKnownFileType = sourcecode.swift; path = VSBaseNavigationController.swift; sourceTree = "<group>"; };
		FB9A7771298FCBCD008EE4CE /* ProfileList.json */ = {isa = PBXFileReference; lastKnownFileType = text.json; path = ProfileList.json; sourceTree = "<group>"; };
		FB9A7773298FCBF9008EE4CE /* ProductList.json */ = {isa = PBXFileReference; lastKnownFileType = text.json; path = ProductList.json; sourceTree = "<group>"; };
		FB9A7775298FCD82008EE4CE /* ProductListTableViewCell.swift */ = {isa = PBXFileReference; lastKnownFileType = sourcecode.swift; path = ProductListTableViewCell.swift; sourceTree = "<group>"; };
		FB9A7776298FCD82008EE4CE /* ProductListTableViewCell.xib */ = {isa = PBXFileReference; lastKnownFileType = file.xib; path = ProductListTableViewCell.xib; sourceTree = "<group>"; };
		FB9A777C298FD468008EE4CE /* ProductListViewModel.swift */ = {isa = PBXFileReference; lastKnownFileType = sourcecode.swift; path = ProductListViewModel.swift; sourceTree = "<group>"; };
		FB9A777E298FEE42008EE4CE /* VSSpinnerViewController.swift */ = {isa = PBXFileReference; lastKnownFileType = sourcecode.swift; path = VSSpinnerViewController.swift; sourceTree = "<group>"; };
		FB9A7780298FF01A008EE4CE /* Localizable.strings */ = {isa = PBXFileReference; lastKnownFileType = text.plist.strings; path = Localizable.strings; sourceTree = "<group>"; };
		FB9A7786298FFD70008EE4CE /* ProductDetail.storyboard */ = {isa = PBXFileReference; lastKnownFileType = file.storyboard; path = ProductDetail.storyboard; sourceTree = "<group>"; };
		FB9A7788298FFD88008EE4CE /* ProductDetailViewController.swift */ = {isa = PBXFileReference; lastKnownFileType = sourcecode.swift; path = ProductDetailViewController.swift; sourceTree = "<group>"; };
		FB9A778B29900BBE008EE4CE /* ProfileViewModel.swift */ = {isa = PBXFileReference; lastKnownFileType = sourcecode.swift; path = ProfileViewModel.swift; sourceTree = "<group>"; };
		FB9A778E29900CBF008EE4CE /* Profile.swift */ = {isa = PBXFileReference; lastKnownFileType = sourcecode.swift; path = Profile.swift; sourceTree = "<group>"; };
/* End PBXFileReference section */

/* Begin PBXFrameworksBuildPhase section */
		FB9A770D298F8137008EE4CE /* Frameworks */ = {
			isa = PBXFrameworksBuildPhase;
			buildActionMask = 2147483647;
			files = (
				FB9A777B298FD19F008EE4CE /* SDWebImage in Frameworks */,
				3818D960405413AC0FC3C822 /* Pods_VSApp.framework in Frameworks */,
			);
			runOnlyForDeploymentPostprocessing = 0;
		};
		FB9A7723298F8138008EE4CE /* Frameworks */ = {
			isa = PBXFrameworksBuildPhase;
			buildActionMask = 2147483647;
			files = (
				FB40908C29903632000F8741 /* SDWebImage in Frameworks */,
				9668F4876D2F36DC9FA6B3E5 /* Pods_VSAppTests.framework in Frameworks */,
			);
			runOnlyForDeploymentPostprocessing = 0;
		};
		FB9A772D298F8138008EE4CE /* Frameworks */ = {
			isa = PBXFrameworksBuildPhase;
			buildActionMask = 2147483647;
			files = (
				934A859D6AC5DFD6246CC880 /* Pods_VSApp_VSAppUITests.framework in Frameworks */,
			);
			runOnlyForDeploymentPostprocessing = 0;
		};
/* End PBXFrameworksBuildPhase section */

/* Begin PBXGroup section */
		3F419744198F7A57694FC62E /* Frameworks */ = {
			isa = PBXGroup;
			children = (
				EA53771157A4A6B746F35393 /* Pods_VSApp.framework */,
				850F9AA199B11FF0789247F0 /* Pods_VSApp_VSAppUITests.framework */,
				941AD699DA564953A13F8886 /* Pods_VSAppTests.framework */,
			);
			name = Frameworks;
			sourceTree = "<group>";
		};
		82DB178AB6CCB54B8437B2BC /* Pods */ = {
			isa = PBXGroup;
			children = (
				EA4C2B2CD8BD24A3B95344E0 /* Pods-VSApp.debug.xcconfig */,
				0DF8ED16E192C47CFA10A103 /* Pods-VSApp.release.xcconfig */,
				46F7AE55597CEDF7357BD62C /* Pods-VSApp-VSAppUITests.debug.xcconfig */,
				B8D3AB301921E0411B2F1071 /* Pods-VSApp-VSAppUITests.release.xcconfig */,
				E3DB064A44D494FD55ED2589 /* Pods-VSAppTests.debug.xcconfig */,
				6999484F1A8A995C21D09167 /* Pods-VSAppTests.release.xcconfig */,
			);
			path = Pods;
			sourceTree = "<group>";
		};
		FB9A7707298F8137008EE4CE = {
			isa = PBXGroup;
			children = (
				FB9A7712298F8137008EE4CE /* VSApp */,
				FB9A7729298F8138008EE4CE /* VSAppTests */,
				FB9A7733298F8138008EE4CE /* VSAppUITests */,
				FB9A7711298F8137008EE4CE /* Products */,
				82DB178AB6CCB54B8437B2BC /* Pods */,
				3F419744198F7A57694FC62E /* Frameworks */,
			);
			sourceTree = "<group>";
		};
		FB9A7711298F8137008EE4CE /* Products */ = {
			isa = PBXGroup;
			children = (
				FB9A7710298F8137008EE4CE /* VSApp.app */,
				FB9A7726298F8138008EE4CE /* VSAppTests.xctest */,
				FB9A7730298F8138008EE4CE /* VSAppUITests.xctest */,
			);
			name = Products;
			sourceTree = "<group>";
		};
		FB9A7712298F8137008EE4CE /* VSApp */ = {
			isa = PBXGroup;
			children = (
				FB9A7748298F86D0008EE4CE /* Networking */,
				FB9A7745298F85FB008EE4CE /* Helpers */,
				FB9A7759298F94E7008EE4CE /* VSBaseViews */,
				FB9A7744298F8523008EE4CE /* Application */,
				FB9A776A298F9D8C008EE4CE /* Login */,
				FB9A7760298F980D008EE4CE /* Profile */,
				FB9A7751298F93D2008EE4CE /* Product */,
				FB9A7770298FCBB5008EE4CE /* Resources */,
				FB9A771E298F8137008EE4CE /* LaunchScreen.storyboard */,
				FB9A7766298F9C54008EE4CE /* Main.storyboard */,
				FB9A7721298F8137008EE4CE /* Info.plist */,
			);
			path = VSApp;
			sourceTree = "<group>";
		};
		FB9A7729298F8138008EE4CE /* VSAppTests */ = {
			isa = PBXGroup;
			children = (
				FB9A7771298FCBCD008EE4CE /* ProfileList.json */,
				FB9A7773298FCBF9008EE4CE /* ProductList.json */,
				FB9A772A298F8138008EE4CE /* VSAppTests.swift */,
				FB4090892990320B000F8741 /* LoginViewModelTests.swift */,
				FB4090912990381B000F8741 /* ProfileViewModelTests.swift */,
				FB409094299042D7000F8741 /* ProductListViewModelTests.swift */,
				FB40908F299037AA000F8741 /* XCTestExtension.swift */,
			);
			path = VSAppTests;
			sourceTree = "<group>";
		};
		FB9A7733298F8138008EE4CE /* VSAppUITests */ = {
			isa = PBXGroup;
			children = (
				FB9A7734298F8138008EE4CE /* VSAppUITests.swift */,
				FB9A7736298F8138008EE4CE /* VSAppUITestsLaunchTests.swift */,
			);
			path = VSAppUITests;
			sourceTree = "<group>";
		};
		FB9A7744298F8523008EE4CE /* Application */ = {
			isa = PBXGroup;
			children = (
				FB9A7713298F8137008EE4CE /* AppDelegate.swift */,
				FB9A7715298F8137008EE4CE /* SceneDelegate.swift */,
			);
			path = Application;
			sourceTree = "<group>";
		};
		FB9A7745298F85FB008EE4CE /* Helpers */ = {
			isa = PBXGroup;
			children = (
				FB9A7746298F8621008EE4CE /* Extenstions.swift */,
				FB9A775E298F9704008EE4CE /* Storyboards.swift */,
			);
			path = Helpers;
			sourceTree = "<group>";
		};
		FB9A7748298F86D0008EE4CE /* Networking */ = {
			isa = PBXGroup;
			children = (
				FB9A7749298F86E1008EE4CE /* Errors.swift */,
				FB9A774D298F88B7008EE4CE /* APIService.swift */,
				FB9A774F298F8C78008EE4CE /* NetworkManager.swift */,
				FB9A774B298F86FC008EE4CE /* SourceURL.swift */,
			);
			path = Networking;
			sourceTree = "<group>";
		};
		FB9A7751298F93D2008EE4CE /* Product */ = {
			isa = PBXGroup;
			children = (
				FB9A7754298F940D008EE4CE /* Model */,
				FB9A7783298FFD02008EE4CE /* Detail */,
				FB9A7782298FFCC5008EE4CE /* List */,
			);
			path = Product;
			sourceTree = "<group>";
		};
		FB9A7752298F93FC008EE4CE /* View */ = {
			isa = PBXGroup;
			children = (
				FB9A7757298F946D008EE4CE /* ProductList.storyboard */,
				FB9A775C298F96E5008EE4CE /* ProductListViewController.swift */,
				FB9A7775298FCD82008EE4CE /* ProductListTableViewCell.swift */,
				FB9A7776298FCD82008EE4CE /* ProductListTableViewCell.xib */,
			);
			path = View;
			sourceTree = "<group>";
		};
		FB9A7753298F9402008EE4CE /* ViewModel */ = {
			isa = PBXGroup;
			children = (
				FB9A777C298FD468008EE4CE /* ProductListViewModel.swift */,
			);
			path = ViewModel;
			sourceTree = "<group>";
		};
		FB9A7754298F940D008EE4CE /* Model */ = {
			isa = PBXGroup;
			children = (
				FB9A7755298F9436008EE4CE /* ProductList.swift */,
			);
			path = Model;
			sourceTree = "<group>";
		};
		FB9A7759298F94E7008EE4CE /* VSBaseViews */ = {
			isa = PBXGroup;
			children = (
				FB9A775A298F94FE008EE4CE /* VSBaseTabBarController.swift */,
				FB9A776D298FCB6C008EE4CE /* VSBaseNavigationController.swift */,
				FB9A777E298FEE42008EE4CE /* VSSpinnerViewController.swift */,
			);
			path = VSBaseViews;
			sourceTree = "<group>";
		};
		FB9A7760298F980D008EE4CE /* Profile */ = {
			isa = PBXGroup;
			children = (
				FB9A778D29900CAC008EE4CE /* Model */,
				FB9A778A29900BAF008EE4CE /* ViewModel */,
				FB9A7761298F9814008EE4CE /* View */,
			);
			path = Profile;
			sourceTree = "<group>";
		};
		FB9A7761298F9814008EE4CE /* View */ = {
			isa = PBXGroup;
			children = (
				FB9A7762298F9837008EE4CE /* Profile.storyboard */,
				FB9A7764298F9846008EE4CE /* ProfileViewController.swift */,
			);
			path = View;
			sourceTree = "<group>";
		};
		FB9A776A298F9D8C008EE4CE /* Login */ = {
			isa = PBXGroup;
			children = (
				FB9A776B298FC76A008EE4CE /* LoginViewModel.swift */,
				FB9A7768298F9CE5008EE4CE /* LoginViewController.swift */,
			);
			path = Login;
			sourceTree = "<group>";
		};
		FB9A7770298FCBB5008EE4CE /* Resources */ = {
			isa = PBXGroup;
			children = (
				FB9A771C298F8137008EE4CE /* Assets.xcassets */,
				FB9A7780298FF01A008EE4CE /* Localizable.strings */,
			);
			path = Resources;
			sourceTree = "<group>";
		};
		FB9A7782298FFCC5008EE4CE /* List */ = {
			isa = PBXGroup;
			children = (
				FB9A7753298F9402008EE4CE /* ViewModel */,
				FB9A7752298F93FC008EE4CE /* View */,
			);
			path = List;
			sourceTree = "<group>";
		};
		FB9A7783298FFD02008EE4CE /* Detail */ = {
			isa = PBXGroup;
			children = (
				FB9A7784298FFD27008EE4CE /* View */,
			);
			path = Detail;
			sourceTree = "<group>";
		};
		FB9A7784298FFD27008EE4CE /* View */ = {
			isa = PBXGroup;
			children = (
				FB9A7786298FFD70008EE4CE /* ProductDetail.storyboard */,
				FB9A7788298FFD88008EE4CE /* ProductDetailViewController.swift */,
			);
			path = View;
			sourceTree = "<group>";
		};
		FB9A778A29900BAF008EE4CE /* ViewModel */ = {
			isa = PBXGroup;
			children = (
				FB9A778B29900BBE008EE4CE /* ProfileViewModel.swift */,
			);
			path = ViewModel;
			sourceTree = "<group>";
		};
		FB9A778D29900CAC008EE4CE /* Model */ = {
			isa = PBXGroup;
			children = (
				FB9A778E29900CBF008EE4CE /* Profile.swift */,
			);
			path = Model;
			sourceTree = "<group>";
		};
/* End PBXGroup section */

/* Begin PBXNativeTarget section */
		FB9A770F298F8137008EE4CE /* VSApp */ = {
			isa = PBXNativeTarget;
			buildConfigurationList = FB9A773A298F8138008EE4CE /* Build configuration list for PBXNativeTarget "VSApp" */;
			buildPhases = (
				C324A4FFA3078B2443D1C2B2 /* [CP] Check Pods Manifest.lock */,
				FB9A770C298F8137008EE4CE /* Sources */,
				FB9A770D298F8137008EE4CE /* Frameworks */,
				FB9A770E298F8137008EE4CE /* Resources */,
				8A586C070782C0FCE353E0C9 /* [CP] Embed Pods Frameworks */,
			);
			buildRules = (
			);
			dependencies = (
			);
			name = VSApp;
			packageProductDependencies = (
				FB9A777A298FD19F008EE4CE /* SDWebImage */,
			);
			productName = VSApp;
			productReference = FB9A7710298F8137008EE4CE /* VSApp.app */;
			productType = "com.apple.product-type.application";
		};
		FB9A7725298F8138008EE4CE /* VSAppTests */ = {
			isa = PBXNativeTarget;
			buildConfigurationList = FB9A773D298F8138008EE4CE /* Build configuration list for PBXNativeTarget "VSAppTests" */;
			buildPhases = (
				B00A0CEB79A16BED7511EBE3 /* [CP] Check Pods Manifest.lock */,
				FB9A7722298F8138008EE4CE /* Sources */,
				FB9A7723298F8138008EE4CE /* Frameworks */,
				FB9A7724298F8138008EE4CE /* Resources */,
			);
			buildRules = (
			);
			dependencies = (
				FB9A7728298F8138008EE4CE /* PBXTargetDependency */,
			);
			name = VSAppTests;
			packageProductDependencies = (
				FB40908B29903632000F8741 /* SDWebImage */,
			);
			productName = VSAppTests;
			productReference = FB9A7726298F8138008EE4CE /* VSAppTests.xctest */;
			productType = "com.apple.product-type.bundle.unit-test";
		};
		FB9A772F298F8138008EE4CE /* VSAppUITests */ = {
			isa = PBXNativeTarget;
			buildConfigurationList = FB9A7740298F8138008EE4CE /* Build configuration list for PBXNativeTarget "VSAppUITests" */;
			buildPhases = (
				60A7BD6FCAFF2D7A74701BEB /* [CP] Check Pods Manifest.lock */,
				FB9A772C298F8138008EE4CE /* Sources */,
				FB9A772D298F8138008EE4CE /* Frameworks */,
				FB9A772E298F8138008EE4CE /* Resources */,
				F1F435DA2D9A0F71DCD8F242 /* [CP] Embed Pods Frameworks */,
			);
			buildRules = (
			);
			dependencies = (
				FB9A7732298F8138008EE4CE /* PBXTargetDependency */,
			);
			name = VSAppUITests;
			productName = VSAppUITests;
			productReference = FB9A7730298F8138008EE4CE /* VSAppUITests.xctest */;
			productType = "com.apple.product-type.bundle.ui-testing";
		};
/* End PBXNativeTarget section */

/* Begin PBXProject section */
		FB9A7708298F8137008EE4CE /* Project object */ = {
			isa = PBXProject;
			attributes = {
				BuildIndependentTargetsInParallel = 1;
				LastSwiftUpdateCheck = 1420;
				LastUpgradeCheck = 1420;
				TargetAttributes = {
					FB9A770F298F8137008EE4CE = {
						CreatedOnToolsVersion = 14.2;
					};
					FB9A7725298F8138008EE4CE = {
						CreatedOnToolsVersion = 14.2;
						TestTargetID = FB9A770F298F8137008EE4CE;
					};
					FB9A772F298F8138008EE4CE = {
						CreatedOnToolsVersion = 14.2;
						TestTargetID = FB9A770F298F8137008EE4CE;
					};
				};
			};
			buildConfigurationList = FB9A770B298F8137008EE4CE /* Build configuration list for PBXProject "VSApp" */;
			compatibilityVersion = "Xcode 14.0";
			developmentRegion = en;
			hasScannedForEncodings = 0;
			knownRegions = (
				en,
				Base,
			);
			mainGroup = FB9A7707298F8137008EE4CE;
			packageReferences = (
				FB9A7779298FD19F008EE4CE /* XCRemoteSwiftPackageReference "SDWebImage" */,
			);
			productRefGroup = FB9A7711298F8137008EE4CE /* Products */;
			projectDirPath = "";
			projectRoot = "";
			targets = (
				FB9A770F298F8137008EE4CE /* VSApp */,
				FB9A7725298F8138008EE4CE /* VSAppTests */,
				FB9A772F298F8138008EE4CE /* VSAppUITests */,
			);
		};
/* End PBXProject section */

/* Begin PBXResourcesBuildPhase section */
		FB9A770E298F8137008EE4CE /* Resources */ = {
			isa = PBXResourcesBuildPhase;
			buildActionMask = 2147483647;
			files = (
				FB9A7758298F946D008EE4CE /* ProductList.storyboard in Resources */,
				FB9A7767298F9C54008EE4CE /* Main.storyboard in Resources */,
				FB9A7781298FF01A008EE4CE /* Localizable.strings in Resources */,
				FB9A7787298FFD70008EE4CE /* ProductDetail.storyboard in Resources */,
				FB9A7720298F8137008EE4CE /* LaunchScreen.storyboard in Resources */,
				FB9A7778298FCD82008EE4CE /* ProductListTableViewCell.xib in Resources */,
				FB9A7763298F9837008EE4CE /* Profile.storyboard in Resources */,
				FB9A771D298F8137008EE4CE /* Assets.xcassets in Resources */,
			);
			runOnlyForDeploymentPostprocessing = 0;
		};
		FB9A7724298F8138008EE4CE /* Resources */ = {
			isa = PBXResourcesBuildPhase;
			buildActionMask = 2147483647;
			files = (
				FB40908D2990374D000F8741 /* ProfileList.json in Resources */,
				FB40908E29903750000F8741 /* ProductList.json in Resources */,
			);
			runOnlyForDeploymentPostprocessing = 0;
		};
		FB9A772E298F8138008EE4CE /* Resources */ = {
			isa = PBXResourcesBuildPhase;
			buildActionMask = 2147483647;
			files = (
			);
			runOnlyForDeploymentPostprocessing = 0;
		};
/* End PBXResourcesBuildPhase section */

/* Begin PBXShellScriptBuildPhase section */
		60A7BD6FCAFF2D7A74701BEB /* [CP] Check Pods Manifest.lock */ = {
			isa = PBXShellScriptBuildPhase;
			buildActionMask = 2147483647;
			files = (
			);
			inputFileListPaths = (
			);
			inputPaths = (
				"${PODS_PODFILE_DIR_PATH}/Podfile.lock",
				"${PODS_ROOT}/Manifest.lock",
			);
			name = "[CP] Check Pods Manifest.lock";
			outputFileListPaths = (
			);
			outputPaths = (
				"$(DERIVED_FILE_DIR)/Pods-VSApp-VSAppUITests-checkManifestLockResult.txt",
			);
			runOnlyForDeploymentPostprocessing = 0;
			shellPath = /bin/sh;
			shellScript = "diff \"${PODS_PODFILE_DIR_PATH}/Podfile.lock\" \"${PODS_ROOT}/Manifest.lock\" > /dev/null\nif [ $? != 0 ] ; then\n    # print error to STDERR\n    echo \"error: The sandbox is not in sync with the Podfile.lock. Run 'pod install' or update your CocoaPods installation.\" >&2\n    exit 1\nfi\n# This output is used by Xcode 'outputs' to avoid re-running this script phase.\necho \"SUCCESS\" > \"${SCRIPT_OUTPUT_FILE_0}\"\n";
			showEnvVarsInLog = 0;
		};
		8A586C070782C0FCE353E0C9 /* [CP] Embed Pods Frameworks */ = {
			isa = PBXShellScriptBuildPhase;
			buildActionMask = 2147483647;
			files = (
			);
			inputFileListPaths = (
				"${PODS_ROOT}/Target Support Files/Pods-VSApp/Pods-VSApp-frameworks-${CONFIGURATION}-input-files.xcfilelist",
			);
			name = "[CP] Embed Pods Frameworks";
			outputFileListPaths = (
				"${PODS_ROOT}/Target Support Files/Pods-VSApp/Pods-VSApp-frameworks-${CONFIGURATION}-output-files.xcfilelist",
			);
			runOnlyForDeploymentPostprocessing = 0;
			shellPath = /bin/sh;
			shellScript = "\"${PODS_ROOT}/Target Support Files/Pods-VSApp/Pods-VSApp-frameworks.sh\"\n";
			showEnvVarsInLog = 0;
		};
		B00A0CEB79A16BED7511EBE3 /* [CP] Check Pods Manifest.lock */ = {
			isa = PBXShellScriptBuildPhase;
			buildActionMask = 2147483647;
			files = (
			);
			inputFileListPaths = (
			);
			inputPaths = (
				"${PODS_PODFILE_DIR_PATH}/Podfile.lock",
				"${PODS_ROOT}/Manifest.lock",
			);
			name = "[CP] Check Pods Manifest.lock";
			outputFileListPaths = (
			);
			outputPaths = (
				"$(DERIVED_FILE_DIR)/Pods-VSAppTests-checkManifestLockResult.txt",
			);
			runOnlyForDeploymentPostprocessing = 0;
			shellPath = /bin/sh;
			shellScript = "diff \"${PODS_PODFILE_DIR_PATH}/Podfile.lock\" \"${PODS_ROOT}/Manifest.lock\" > /dev/null\nif [ $? != 0 ] ; then\n    # print error to STDERR\n    echo \"error: The sandbox is not in sync with the Podfile.lock. Run 'pod install' or update your CocoaPods installation.\" >&2\n    exit 1\nfi\n# This output is used by Xcode 'outputs' to avoid re-running this script phase.\necho \"SUCCESS\" > \"${SCRIPT_OUTPUT_FILE_0}\"\n";
			showEnvVarsInLog = 0;
		};
		C324A4FFA3078B2443D1C2B2 /* [CP] Check Pods Manifest.lock */ = {
			isa = PBXShellScriptBuildPhase;
			buildActionMask = 2147483647;
			files = (
			);
			inputFileListPaths = (
			);
			inputPaths = (
				"${PODS_PODFILE_DIR_PATH}/Podfile.lock",
				"${PODS_ROOT}/Manifest.lock",
			);
			name = "[CP] Check Pods Manifest.lock";
			outputFileListPaths = (
			);
			outputPaths = (
				"$(DERIVED_FILE_DIR)/Pods-VSApp-checkManifestLockResult.txt",
			);
			runOnlyForDeploymentPostprocessing = 0;
			shellPath = /bin/sh;
			shellScript = "diff \"${PODS_PODFILE_DIR_PATH}/Podfile.lock\" \"${PODS_ROOT}/Manifest.lock\" > /dev/null\nif [ $? != 0 ] ; then\n    # print error to STDERR\n    echo \"error: The sandbox is not in sync with the Podfile.lock. Run 'pod install' or update your CocoaPods installation.\" >&2\n    exit 1\nfi\n# This output is used by Xcode 'outputs' to avoid re-running this script phase.\necho \"SUCCESS\" > \"${SCRIPT_OUTPUT_FILE_0}\"\n";
			showEnvVarsInLog = 0;
		};
		F1F435DA2D9A0F71DCD8F242 /* [CP] Embed Pods Frameworks */ = {
			isa = PBXShellScriptBuildPhase;
			buildActionMask = 2147483647;
			files = (
			);
			inputFileListPaths = (
				"${PODS_ROOT}/Target Support Files/Pods-VSApp-VSAppUITests/Pods-VSApp-VSAppUITests-frameworks-${CONFIGURATION}-input-files.xcfilelist",
			);
			name = "[CP] Embed Pods Frameworks";
			outputFileListPaths = (
				"${PODS_ROOT}/Target Support Files/Pods-VSApp-VSAppUITests/Pods-VSApp-VSAppUITests-frameworks-${CONFIGURATION}-output-files.xcfilelist",
			);
			runOnlyForDeploymentPostprocessing = 0;
			shellPath = /bin/sh;
			shellScript = "\"${PODS_ROOT}/Target Support Files/Pods-VSApp-VSAppUITests/Pods-VSApp-VSAppUITests-frameworks.sh\"\n";
			showEnvVarsInLog = 0;
		};
/* End PBXShellScriptBuildPhase section */

/* Begin PBXSourcesBuildPhase section */
		FB9A770C298F8137008EE4CE /* Sources */ = {
			isa = PBXSourcesBuildPhase;
			buildActionMask = 2147483647;
			files = (
				FB9A774A298F86E1008EE4CE /* Errors.swift in Sources */,
				FB9A776E298FCB6C008EE4CE /* VSBaseNavigationController.swift in Sources */,
				FB9A7756298F9436008EE4CE /* ProductList.swift in Sources */,
				FB9A775D298F96E5008EE4CE /* ProductListViewController.swift in Sources */,
				FB9A775B298F94FE008EE4CE /* VSBaseTabBarController.swift in Sources */,
				FB9A775F298F9704008EE4CE /* Storyboards.swift in Sources */,
				FB9A7714298F8137008EE4CE /* AppDelegate.swift in Sources */,
				FB9A776C298FC76A008EE4CE /* LoginViewModel.swift in Sources */,
				FB9A7765298F9846008EE4CE /* ProfileViewController.swift in Sources */,
				FB9A777F298FEE42008EE4CE /* VSSpinnerViewController.swift in Sources */,
				FB9A778F29900CBF008EE4CE /* Profile.swift in Sources */,
				FB9A7777298FCD82008EE4CE /* ProductListTableViewCell.swift in Sources */,
				FB9A7747298F8621008EE4CE /* Extenstions.swift in Sources */,
				FB9A7750298F8C78008EE4CE /* NetworkManager.swift in Sources */,
				FB9A7716298F8137008EE4CE /* SceneDelegate.swift in Sources */,
				FB9A778C29900BBE008EE4CE /* ProfileViewModel.swift in Sources */,
				FB9A774E298F88B7008EE4CE /* APIService.swift in Sources */,
				FB9A7769298F9CE5008EE4CE /* LoginViewController.swift in Sources */,
				FB9A7789298FFD88008EE4CE /* ProductDetailViewController.swift in Sources */,
				FB9A777D298FD468008EE4CE /* ProductListViewModel.swift in Sources */,
				FB9A774C298F86FC008EE4CE /* SourceURL.swift in Sources */,
			);
			runOnlyForDeploymentPostprocessing = 0;
		};
		FB9A7722298F8138008EE4CE /* Sources */ = {
			isa = PBXSourcesBuildPhase;
			buildActionMask = 2147483647;
			files = (
				FB40908A2990320B000F8741 /* LoginViewModelTests.swift in Sources */,
				FB409090299037AA000F8741 /* XCTestExtension.swift in Sources */,
				FB4090922990381B000F8741 /* ProfileViewModelTests.swift in Sources */,
				FB9A772B298F8138008EE4CE /* VSAppTests.swift in Sources */,
				FB409095299042D7000F8741 /* ProductListViewModelTests.swift in Sources */,
			);
			runOnlyForDeploymentPostprocessing = 0;
		};
		FB9A772C298F8138008EE4CE /* Sources */ = {
			isa = PBXSourcesBuildPhase;
			buildActionMask = 2147483647;
			files = (
				FB9A7735298F8138008EE4CE /* VSAppUITests.swift in Sources */,
				FB9A7737298F8138008EE4CE /* VSAppUITestsLaunchTests.swift in Sources */,
			);
			runOnlyForDeploymentPostprocessing = 0;
		};
/* End PBXSourcesBuildPhase section */

/* Begin PBXTargetDependency section */
		FB9A7728298F8138008EE4CE /* PBXTargetDependency */ = {
			isa = PBXTargetDependency;
			target = FB9A770F298F8137008EE4CE /* VSApp */;
			targetProxy = FB9A7727298F8138008EE4CE /* PBXContainerItemProxy */;
		};
		FB9A7732298F8138008EE4CE /* PBXTargetDependency */ = {
			isa = PBXTargetDependency;
			target = FB9A770F298F8137008EE4CE /* VSApp */;
			targetProxy = FB9A7731298F8138008EE4CE /* PBXContainerItemProxy */;
		};
/* End PBXTargetDependency section */

/* Begin PBXVariantGroup section */
		FB9A771E298F8137008EE4CE /* LaunchScreen.storyboard */ = {
			isa = PBXVariantGroup;
			children = (
				FB9A771F298F8137008EE4CE /* Base */,
			);
			name = LaunchScreen.storyboard;
			sourceTree = "<group>";
		};
/* End PBXVariantGroup section */

/* Begin XCBuildConfiguration section */
		FB9A7738298F8138008EE4CE /* Debug */ = {
			isa = XCBuildConfiguration;
			buildSettings = {
				ALWAYS_SEARCH_USER_PATHS = NO;
				CLANG_ANALYZER_NONNULL = YES;
				CLANG_ANALYZER_NUMBER_OBJECT_CONVERSION = YES_AGGRESSIVE;
				CLANG_CXX_LANGUAGE_STANDARD = "gnu++20";
				CLANG_ENABLE_MODULES = YES;
				CLANG_ENABLE_OBJC_ARC = YES;
				CLANG_ENABLE_OBJC_WEAK = YES;
				CLANG_WARN_BLOCK_CAPTURE_AUTORELEASING = YES;
				CLANG_WARN_BOOL_CONVERSION = YES;
				CLANG_WARN_COMMA = YES;
				CLANG_WARN_CONSTANT_CONVERSION = YES;
				CLANG_WARN_DEPRECATED_OBJC_IMPLEMENTATIONS = YES;
				CLANG_WARN_DIRECT_OBJC_ISA_USAGE = YES_ERROR;
				CLANG_WARN_DOCUMENTATION_COMMENTS = YES;
				CLANG_WARN_EMPTY_BODY = YES;
				CLANG_WARN_ENUM_CONVERSION = YES;
				CLANG_WARN_INFINITE_RECURSION = YES;
				CLANG_WARN_INT_CONVERSION = YES;
				CLANG_WARN_NON_LITERAL_NULL_CONVERSION = YES;
				CLANG_WARN_OBJC_IMPLICIT_RETAIN_SELF = YES;
				CLANG_WARN_OBJC_LITERAL_CONVERSION = YES;
				CLANG_WARN_OBJC_ROOT_CLASS = YES_ERROR;
				CLANG_WARN_QUOTED_INCLUDE_IN_FRAMEWORK_HEADER = YES;
				CLANG_WARN_RANGE_LOOP_ANALYSIS = YES;
				CLANG_WARN_STRICT_PROTOTYPES = YES;
				CLANG_WARN_SUSPICIOUS_MOVE = YES;
				CLANG_WARN_UNGUARDED_AVAILABILITY = YES_AGGRESSIVE;
				CLANG_WARN_UNREACHABLE_CODE = YES;
				CLANG_WARN__DUPLICATE_METHOD_MATCH = YES;
				COPY_PHASE_STRIP = NO;
				DEBUG_INFORMATION_FORMAT = dwarf;
				ENABLE_STRICT_OBJC_MSGSEND = YES;
				ENABLE_TESTABILITY = YES;
				GCC_C_LANGUAGE_STANDARD = gnu11;
				GCC_DYNAMIC_NO_PIC = NO;
				GCC_NO_COMMON_BLOCKS = YES;
				GCC_OPTIMIZATION_LEVEL = 0;
				GCC_PREPROCESSOR_DEFINITIONS = (
					"DEBUG=1",
					"$(inherited)",
				);
				GCC_WARN_64_TO_32_BIT_CONVERSION = YES;
				GCC_WARN_ABOUT_RETURN_TYPE = YES_ERROR;
				GCC_WARN_UNDECLARED_SELECTOR = YES;
				GCC_WARN_UNINITIALIZED_AUTOS = YES_AGGRESSIVE;
				GCC_WARN_UNUSED_FUNCTION = YES;
				GCC_WARN_UNUSED_VARIABLE = YES;
				IPHONEOS_DEPLOYMENT_TARGET = 16.2;
				MTL_ENABLE_DEBUG_INFO = INCLUDE_SOURCE;
				MTL_FAST_MATH = YES;
				ONLY_ACTIVE_ARCH = YES;
				SDKROOT = iphoneos;
				SWIFT_ACTIVE_COMPILATION_CONDITIONS = DEBUG;
				SWIFT_OPTIMIZATION_LEVEL = "-Onone";
			};
			name = Debug;
		};
		FB9A7739298F8138008EE4CE /* Release */ = {
			isa = XCBuildConfiguration;
			buildSettings = {
				ALWAYS_SEARCH_USER_PATHS = NO;
				CLANG_ANALYZER_NONNULL = YES;
				CLANG_ANALYZER_NUMBER_OBJECT_CONVERSION = YES_AGGRESSIVE;
				CLANG_CXX_LANGUAGE_STANDARD = "gnu++20";
				CLANG_ENABLE_MODULES = YES;
				CLANG_ENABLE_OBJC_ARC = YES;
				CLANG_ENABLE_OBJC_WEAK = YES;
				CLANG_WARN_BLOCK_CAPTURE_AUTORELEASING = YES;
				CLANG_WARN_BOOL_CONVERSION = YES;
				CLANG_WARN_COMMA = YES;
				CLANG_WARN_CONSTANT_CONVERSION = YES;
				CLANG_WARN_DEPRECATED_OBJC_IMPLEMENTATIONS = YES;
				CLANG_WARN_DIRECT_OBJC_ISA_USAGE = YES_ERROR;
				CLANG_WARN_DOCUMENTATION_COMMENTS = YES;
				CLANG_WARN_EMPTY_BODY = YES;
				CLANG_WARN_ENUM_CONVERSION = YES;
				CLANG_WARN_INFINITE_RECURSION = YES;
				CLANG_WARN_INT_CONVERSION = YES;
				CLANG_WARN_NON_LITERAL_NULL_CONVERSION = YES;
				CLANG_WARN_OBJC_IMPLICIT_RETAIN_SELF = YES;
				CLANG_WARN_OBJC_LITERAL_CONVERSION = YES;
				CLANG_WARN_OBJC_ROOT_CLASS = YES_ERROR;
				CLANG_WARN_QUOTED_INCLUDE_IN_FRAMEWORK_HEADER = YES;
				CLANG_WARN_RANGE_LOOP_ANALYSIS = YES;
				CLANG_WARN_STRICT_PROTOTYPES = YES;
				CLANG_WARN_SUSPICIOUS_MOVE = YES;
				CLANG_WARN_UNGUARDED_AVAILABILITY = YES_AGGRESSIVE;
				CLANG_WARN_UNREACHABLE_CODE = YES;
				CLANG_WARN__DUPLICATE_METHOD_MATCH = YES;
				COPY_PHASE_STRIP = NO;
				DEBUG_INFORMATION_FORMAT = "dwarf-with-dsym";
				ENABLE_NS_ASSERTIONS = NO;
				ENABLE_STRICT_OBJC_MSGSEND = YES;
				GCC_C_LANGUAGE_STANDARD = gnu11;
				GCC_NO_COMMON_BLOCKS = YES;
				GCC_WARN_64_TO_32_BIT_CONVERSION = YES;
				GCC_WARN_ABOUT_RETURN_TYPE = YES_ERROR;
				GCC_WARN_UNDECLARED_SELECTOR = YES;
				GCC_WARN_UNINITIALIZED_AUTOS = YES_AGGRESSIVE;
				GCC_WARN_UNUSED_FUNCTION = YES;
				GCC_WARN_UNUSED_VARIABLE = YES;
				IPHONEOS_DEPLOYMENT_TARGET = 16.2;
				MTL_ENABLE_DEBUG_INFO = NO;
				MTL_FAST_MATH = YES;
				SDKROOT = iphoneos;
				SWIFT_COMPILATION_MODE = wholemodule;
				SWIFT_OPTIMIZATION_LEVEL = "-O";
				VALIDATE_PRODUCT = YES;
			};
			name = Release;
		};
		FB9A773B298F8138008EE4CE /* Debug */ = {
			isa = XCBuildConfiguration;
			baseConfigurationReference = EA4C2B2CD8BD24A3B95344E0 /* Pods-VSApp.debug.xcconfig */;
			buildSettings = {
				ASSETCATALOG_COMPILER_APPICON_NAME = AppIcon;
				ASSETCATALOG_COMPILER_GLOBAL_ACCENT_COLOR_NAME = AccentColor;
				CODE_SIGN_STYLE = Automatic;
				CURRENT_PROJECT_VERSION = 1;
				DEVELOPMENT_TEAM = PBFN9W4J7V;
				GENERATE_INFOPLIST_FILE = YES;
				INFOPLIST_FILE = VSApp/Info.plist;
				INFOPLIST_KEY_UIApplicationSupportsIndirectInputEvents = YES;
				INFOPLIST_KEY_UILaunchStoryboardName = Main.storyboard;
				INFOPLIST_KEY_UIMainStoryboardFile = Main;
				INFOPLIST_KEY_UISupportedInterfaceOrientations = UIInterfaceOrientationPortrait;
				INFOPLIST_KEY_UISupportedInterfaceOrientations_iPad = "UIInterfaceOrientationLandscapeLeft UIInterfaceOrientationLandscapeRight UIInterfaceOrientationPortrait UIInterfaceOrientationPortraitUpsideDown";
				IPHONEOS_DEPLOYMENT_TARGET = 16.0;
				LD_RUNPATH_SEARCH_PATHS = (
					"$(inherited)",
					"@executable_path/Frameworks",
				);
				MARKETING_VERSION = 1.0;
				PRODUCT_BUNDLE_IDENTIFIER = com.binil.VSApp;
				PRODUCT_NAME = "$(TARGET_NAME)";
				SUPPORTED_PLATFORMS = "iphoneos iphonesimulator";
				SUPPORTS_MACCATALYST = NO;
				SUPPORTS_MAC_DESIGNED_FOR_IPHONE_IPAD = NO;
				SWIFT_EMIT_LOC_STRINGS = YES;
				SWIFT_VERSION = 5.0;
				TARGETED_DEVICE_FAMILY = 1;
			};
			name = Debug;
		};
		FB9A773C298F8138008EE4CE /* Release */ = {
			isa = XCBuildConfiguration;
			baseConfigurationReference = 0DF8ED16E192C47CFA10A103 /* Pods-VSApp.release.xcconfig */;
			buildSettings = {
				ASSETCATALOG_COMPILER_APPICON_NAME = AppIcon;
				ASSETCATALOG_COMPILER_GLOBAL_ACCENT_COLOR_NAME = AccentColor;
				CODE_SIGN_STYLE = Automatic;
				CURRENT_PROJECT_VERSION = 1;
				DEVELOPMENT_TEAM = PBFN9W4J7V;
				GENERATE_INFOPLIST_FILE = YES;
				INFOPLIST_FILE = VSApp/Info.plist;
				INFOPLIST_KEY_UIApplicationSupportsIndirectInputEvents = YES;
				INFOPLIST_KEY_UILaunchStoryboardName = Main.storyboard;
				INFOPLIST_KEY_UIMainStoryboardFile = Main;
				INFOPLIST_KEY_UISupportedInterfaceOrientations = UIInterfaceOrientationPortrait;
				INFOPLIST_KEY_UISupportedInterfaceOrientations_iPad = "UIInterfaceOrientationLandscapeLeft UIInterfaceOrientationLandscapeRight UIInterfaceOrientationPortrait UIInterfaceOrientationPortraitUpsideDown";
				IPHONEOS_DEPLOYMENT_TARGET = 16.0;
				LD_RUNPATH_SEARCH_PATHS = (
					"$(inherited)",
					"@executable_path/Frameworks",
				);
				MARKETING_VERSION = 1.0;
				PRODUCT_BUNDLE_IDENTIFIER = com.binil.VSApp;
				PRODUCT_NAME = "$(TARGET_NAME)";
				SUPPORTED_PLATFORMS = "iphoneos iphonesimulator";
				SUPPORTS_MACCATALYST = NO;
				SUPPORTS_MAC_DESIGNED_FOR_IPHONE_IPAD = NO;
				SWIFT_EMIT_LOC_STRINGS = YES;
				SWIFT_VERSION = 5.0;
				TARGETED_DEVICE_FAMILY = 1;
			};
			name = Release;
		};
		FB9A773E298F8138008EE4CE /* Debug */ = {
			isa = XCBuildConfiguration;
			baseConfigurationReference = E3DB064A44D494FD55ED2589 /* Pods-VSAppTests.debug.xcconfig */;
			buildSettings = {
				ALWAYS_EMBED_SWIFT_STANDARD_LIBRARIES = YES;
				BUNDLE_LOADER = "$(TEST_HOST)";
				CODE_SIGN_STYLE = Automatic;
				CURRENT_PROJECT_VERSION = 1;
				DEVELOPMENT_TEAM = PBFN9W4J7V;
				GENERATE_INFOPLIST_FILE = YES;
				IPHONEOS_DEPLOYMENT_TARGET = 16.2;
				MARKETING_VERSION = 1.0;
				OTHER_LDFLAGS = (
					"$(inherited)",
					"-framework",
					"\"SkyFloatingLabelTextField\"",
				);
				PRODUCT_BUNDLE_IDENTIFIER = com.binil.VSAppTests;
				PRODUCT_NAME = "$(TARGET_NAME)";
				SUPPORTED_PLATFORMS = "iphoneos iphonesimulator";
				SUPPORTS_MACCATALYST = NO;
				SUPPORTS_MAC_DESIGNED_FOR_IPHONE_IPAD = NO;
				SWIFT_EMIT_LOC_STRINGS = NO;
				SWIFT_VERSION = 5.0;
				TARGETED_DEVICE_FAMILY = 1;
				TEST_HOST = "$(BUILT_PRODUCTS_DIR)/VSApp.app/$(BUNDLE_EXECUTABLE_FOLDER_PATH)/VSApp";
			};
			name = Debug;
		};
		FB9A773F298F8138008EE4CE /* Release */ = {
			isa = XCBuildConfiguration;
			baseConfigurationReference = 6999484F1A8A995C21D09167 /* Pods-VSAppTests.release.xcconfig */;
			buildSettings = {
				ALWAYS_EMBED_SWIFT_STANDARD_LIBRARIES = YES;
				BUNDLE_LOADER = "$(TEST_HOST)";
				CODE_SIGN_STYLE = Automatic;
				CURRENT_PROJECT_VERSION = 1;
				DEVELOPMENT_TEAM = PBFN9W4J7V;
				GENERATE_INFOPLIST_FILE = YES;
				IPHONEOS_DEPLOYMENT_TARGET = 16.2;
				MARKETING_VERSION = 1.0;
				OTHER_LDFLAGS = (
					"$(inherited)",
					"-framework",
					"\"SkyFloatingLabelTextField\"",
				);
				PRODUCT_BUNDLE_IDENTIFIER = com.binil.VSAppTests;
				PRODUCT_NAME = "$(TARGET_NAME)";
				SUPPORTED_PLATFORMS = "iphoneos iphonesimulator";
				SUPPORTS_MACCATALYST = NO;
				SUPPORTS_MAC_DESIGNED_FOR_IPHONE_IPAD = NO;
				SWIFT_EMIT_LOC_STRINGS = NO;
				SWIFT_VERSION = 5.0;
				TARGETED_DEVICE_FAMILY = 1;
				TEST_HOST = "$(BUILT_PRODUCTS_DIR)/VSApp.app/$(BUNDLE_EXECUTABLE_FOLDER_PATH)/VSApp";
			};
			name = Release;
		};
		FB9A7741298F8138008EE4CE /* Debug */ = {
			isa = XCBuildConfiguration;
			baseConfigurationReference = 46F7AE55597CEDF7357BD62C /* Pods-VSApp-VSAppUITests.debug.xcconfig */;
			buildSettings = {
				ALWAYS_EMBED_SWIFT_STANDARD_LIBRARIES = YES;
				CODE_SIGN_STYLE = Automatic;
				CURRENT_PROJECT_VERSION = 1;
				DEVELOPMENT_TEAM = PBFN9W4J7V;
				GENERATE_INFOPLIST_FILE = YES;
				MARKETING_VERSION = 1.0;
				PRODUCT_BUNDLE_IDENTIFIER = com.binil.VSAppUITests;
				PRODUCT_NAME = "$(TARGET_NAME)";
				SUPPORTED_PLATFORMS = "iphoneos iphonesimulator";
				SUPPORTS_MACCATALYST = NO;
				SUPPORTS_MAC_DESIGNED_FOR_IPHONE_IPAD = NO;
				SWIFT_EMIT_LOC_STRINGS = NO;
				SWIFT_VERSION = 5.0;
				TARGETED_DEVICE_FAMILY = 1;
				TEST_TARGET_NAME = VSApp;
			};
			name = Debug;
		};
		FB9A7742298F8138008EE4CE /* Release */ = {
			isa = XCBuildConfiguration;
			baseConfigurationReference = B8D3AB301921E0411B2F1071 /* Pods-VSApp-VSAppUITests.release.xcconfig */;
			buildSettings = {
				ALWAYS_EMBED_SWIFT_STANDARD_LIBRARIES = YES;
				CODE_SIGN_STYLE = Automatic;
				CURRENT_PROJECT_VERSION = 1;
				DEVELOPMENT_TEAM = PBFN9W4J7V;
				GENERATE_INFOPLIST_FILE = YES;
				MARKETING_VERSION = 1.0;
				PRODUCT_BUNDLE_IDENTIFIER = com.binil.VSAppUITests;
				PRODUCT_NAME = "$(TARGET_NAME)";
				SUPPORTED_PLATFORMS = "iphoneos iphonesimulator";
				SUPPORTS_MACCATALYST = NO;
				SUPPORTS_MAC_DESIGNED_FOR_IPHONE_IPAD = NO;
				SWIFT_EMIT_LOC_STRINGS = NO;
				SWIFT_VERSION = 5.0;
				TARGETED_DEVICE_FAMILY = 1;
				TEST_TARGET_NAME = VSApp;
			};
			name = Release;
		};
/* End XCBuildConfiguration section */

/* Begin XCConfigurationList section */
		FB9A770B298F8137008EE4CE /* Build configuration list for PBXProject "VSApp" */ = {
			isa = XCConfigurationList;
			buildConfigurations = (
				FB9A7738298F8138008EE4CE /* Debug */,
				FB9A7739298F8138008EE4CE /* Release */,
			);
			defaultConfigurationIsVisible = 0;
			defaultConfigurationName = Release;
		};
		FB9A773A298F8138008EE4CE /* Build configuration list for PBXNativeTarget "VSApp" */ = {
			isa = XCConfigurationList;
			buildConfigurations = (
				FB9A773B298F8138008EE4CE /* Debug */,
				FB9A773C298F8138008EE4CE /* Release */,
			);
			defaultConfigurationIsVisible = 0;
			defaultConfigurationName = Release;
		};
		FB9A773D298F8138008EE4CE /* Build configuration list for PBXNativeTarget "VSAppTests" */ = {
			isa = XCConfigurationList;
			buildConfigurations = (
				FB9A773E298F8138008EE4CE /* Debug */,
				FB9A773F298F8138008EE4CE /* Release */,
			);
			defaultConfigurationIsVisible = 0;
			defaultConfigurationName = Release;
		};
		FB9A7740298F8138008EE4CE /* Build configuration list for PBXNativeTarget "VSAppUITests" */ = {
			isa = XCConfigurationList;
			buildConfigurations = (
				FB9A7741298F8138008EE4CE /* Debug */,
				FB9A7742298F8138008EE4CE /* Release */,
			);
			defaultConfigurationIsVisible = 0;
			defaultConfigurationName = Release;
		};
/* End XCConfigurationList section */

/* Begin XCRemoteSwiftPackageReference section */
		FB9A7779298FD19F008EE4CE /* XCRemoteSwiftPackageReference "SDWebImage" */ = {
			isa = XCRemoteSwiftPackageReference;
			repositoryURL = "https://github.com/SDWebImage/SDWebImage.git";
			requirement = {
				kind = upToNextMajorVersion;
				minimumVersion = 5.0.0;
			};
		};
/* End XCRemoteSwiftPackageReference section */

/* Begin XCSwiftPackageProductDependency section */
		FB40908B29903632000F8741 /* SDWebImage */ = {
			isa = XCSwiftPackageProductDependency;
			package = FB9A7779298FD19F008EE4CE /* XCRemoteSwiftPackageReference "SDWebImage" */;
			productName = SDWebImage;
		};
		FB9A777A298FD19F008EE4CE /* SDWebImage */ = {
			isa = XCSwiftPackageProductDependency;
			package = FB9A7779298FD19F008EE4CE /* XCRemoteSwiftPackageReference "SDWebImage" */;
			productName = SDWebImage;
		};
/* End XCSwiftPackageProductDependency section */
	};
	rootObject = FB9A7708298F8137008EE4CE /* Project object */;
}
